// !$*UTF8*$!
{
	archiveVersion = 1;
	classes = {
	};
	objectVersion = 46;
	objects = {

/* Begin PBXBuildFile section */
		283818C314723F1D007E4827 /* UIKit.framework in Frameworks */ = {isa = PBXBuildFile; fileRef = 283818C214723F1D007E4827 /* UIKit.framework */; };
		283818C514723F1D007E4827 /* Foundation.framework in Frameworks */ = {isa = PBXBuildFile; fileRef = 283818C414723F1D007E4827 /* Foundation.framework */; };
		283818C714723F1D007E4827 /* CoreGraphics.framework in Frameworks */ = {isa = PBXBuildFile; fileRef = 283818C614723F1D007E4827 /* CoreGraphics.framework */; };
		283818CD14723F1D007E4827 /* InfoPlist.strings in Resources */ = {isa = PBXBuildFile; fileRef = 283818CB14723F1D007E4827 /* InfoPlist.strings */; };
		283818CF14723F1D007E4827 /* main.m in Sources */ = {isa = PBXBuildFile; fileRef = 283818CE14723F1D007E4827 /* main.m */; };
		283818D314723F1D007E4827 /* AppDelegate.m in Sources */ = {isa = PBXBuildFile; fileRef = 283818D214723F1D007E4827 /* AppDelegate.m */; };
		28381A7F1472ED1C007E4827 /* QuartzCore.framework in Frameworks */ = {isa = PBXBuildFile; fileRef = 28381A7E1472ED1C007E4827 /* QuartzCore.framework */; };
		28381A921472F88B007E4827 /* libsqlite3.dylib in Frameworks */ = {isa = PBXBuildFile; fileRef = 28381A911472F88A007E4827 /* libsqlite3.dylib */; };
		28381A941472F899007E4827 /* SystemConfiguration.framework in Frameworks */ = {isa = PBXBuildFile; fileRef = 28381A931472F899007E4827 /* SystemConfiguration.framework */; };
		28381A961472F8B7007E4827 /* MobileCoreServices.framework in Frameworks */ = {isa = PBXBuildFile; fileRef = 28381A951472F8B7007E4827 /* MobileCoreServices.framework */; };
		28381A981472F8C8007E4827 /* CoreText.framework in Frameworks */ = {isa = PBXBuildFile; fileRef = 28381A971472F8C8007E4827 /* CoreText.framework */; };
		28381A9A1472F8EF007E4827 /* CoreLocation.framework in Frameworks */ = {isa = PBXBuildFile; fileRef = 28381A991472F8EF007E4827 /* CoreLocation.framework */; };
		28381A9C1472F914007E4827 /* MessageUI.framework in Frameworks */ = {isa = PBXBuildFile; fileRef = 28381A9B1472F914007E4827 /* MessageUI.framework */; };
		284EA207147CF5B600C4F3CE /* me.json in Resources */ = {isa = PBXBuildFile; fileRef = 284EA206147CF5B600C4F3CE /* me.json */; };
		286987251473139E00B40860 /* BackgroundBlueprint.jpg in Resources */ = {isa = PBXBuildFile; fileRef = 2869871C1473139E00B40860 /* BackgroundBlueprint.jpg */; };
		286987261473139E00B40860 /* BackgroundBlueprint@2x.jpg in Resources */ = {isa = PBXBuildFile; fileRef = 2869871D1473139E00B40860 /* BackgroundBlueprint@2x.jpg */; };
		286987271473139E00B40860 /* BackgroundBlueprint~ipad.jpg in Resources */ = {isa = PBXBuildFile; fileRef = 2869871E1473139E00B40860 /* BackgroundBlueprint~ipad.jpg */; };
		286987281473139E00B40860 /* BackgroundLeather.jpg in Resources */ = {isa = PBXBuildFile; fileRef = 2869871F1473139E00B40860 /* BackgroundLeather.jpg */; };
		286987291473139E00B40860 /* BackgroundLeather@2x.jpg in Resources */ = {isa = PBXBuildFile; fileRef = 286987201473139E00B40860 /* BackgroundLeather@2x.jpg */; };
		2869872A1473139E00B40860 /* BackgroundLeather~ipad.jpg in Resources */ = {isa = PBXBuildFile; fileRef = 286987211473139E00B40860 /* BackgroundLeather~ipad.jpg */; };
		2869872B1473139E00B40860 /* Default.jpg in Resources */ = {isa = PBXBuildFile; fileRef = 286987221473139E00B40860 /* Default.jpg */; };
		2869872C1473139E00B40860 /* Default@2x.jpg in Resources */ = {isa = PBXBuildFile; fileRef = 286987231473139E00B40860 /* Default@2x.jpg */; };
		2869872D1473139E00B40860 /* Default~ipad.jpg in Resources */ = {isa = PBXBuildFile; fileRef = 286987241473139E00B40860 /* Default~ipad.jpg */; };
		28698731147387C200B40860 /* PSStyleSheet.plist in Resources */ = {isa = PBXBuildFile; fileRef = 28698730147387C200B40860 /* PSStyleSheet.plist */; };
		28698735147394F600B40860 /* BackgroundDarkWood.jpg in Resources */ = {isa = PBXBuildFile; fileRef = 28698732147394F500B40860 /* BackgroundDarkWood.jpg */; };
		28698736147394F600B40860 /* BackgroundDarkWood@2x.jpg in Resources */ = {isa = PBXBuildFile; fileRef = 28698733147394F500B40860 /* BackgroundDarkWood@2x.jpg */; };
		28698737147394F600B40860 /* BackgroundDarkWood~ipad.jpg in Resources */ = {isa = PBXBuildFile; fileRef = 28698734147394F600B40860 /* BackgroundDarkWood~ipad.jpg */; };
		286988091475CEEC00B40860 /* NSArray+PSKit.m in Sources */ = {isa = PBXBuildFile; fileRef = 286987401475CEEC00B40860 /* NSArray+PSKit.m */; };
		2869880A1475CEEC00B40860 /* NSData+PSKit.m in Sources */ = {isa = PBXBuildFile; fileRef = 286987421475CEEC00B40860 /* NSData+PSKit.m */; };
		2869880B1475CEEC00B40860 /* NSDate+Helper.m in Sources */ = {isa = PBXBuildFile; fileRef = 286987441475CEEC00B40860 /* NSDate+Helper.m */; };
		2869880C1475CEEC00B40860 /* NSDate+PSKit.m in Sources */ = {isa = PBXBuildFile; fileRef = 286987461475CEEC00B40860 /* NSDate+PSKit.m */; };
		2869880D1475CEEC00B40860 /* NSObject+PSKit.m in Sources */ = {isa = PBXBuildFile; fileRef = 286987481475CEEC00B40860 /* NSObject+PSKit.m */; };
		2869880E1475CEEC00B40860 /* NSString+PSKit.m in Sources */ = {isa = PBXBuildFile; fileRef = 2869874A1475CEEC00B40860 /* NSString+PSKit.m */; };
		2869880F1475CEEC00B40860 /* NSURL+PSKit.m in Sources */ = {isa = PBXBuildFile; fileRef = 2869874C1475CEEC00B40860 /* NSURL+PSKit.m */; };
		286988101475CEEC00B40860 /* UIBarButtonItem+PSKit.m in Sources */ = {isa = PBXBuildFile; fileRef = 2869874E1475CEEC00B40860 /* UIBarButtonItem+PSKit.m */; };
		286988111475CEEC00B40860 /* UIButton+PSKit.m in Sources */ = {isa = PBXBuildFile; fileRef = 286987501475CEEC00B40860 /* UIButton+PSKit.m */; };
		286988121475CEEC00B40860 /* UIColor+PSKit.m in Sources */ = {isa = PBXBuildFile; fileRef = 286987521475CEEC00B40860 /* UIColor+PSKit.m */; };
		286988131475CEEC00B40860 /* UIDevice+Hardware.m in Sources */ = {isa = PBXBuildFile; fileRef = 286987541475CEEC00B40860 /* UIDevice+Hardware.m */; };
		286988141475CEEC00B40860 /* UIImage+PSKit.m in Sources */ = {isa = PBXBuildFile; fileRef = 286987561475CEEC00B40860 /* UIImage+PSKit.m */; };
		286988151475CEEC00B40860 /* UILabel+PSKit.m in Sources */ = {isa = PBXBuildFile; fileRef = 286987581475CEEC00B40860 /* UILabel+PSKit.m */; };
		286988161475CEEC00B40860 /* UIScreen+PSKit.m in Sources */ = {isa = PBXBuildFile; fileRef = 2869875A1475CEEC00B40860 /* UIScreen+PSKit.m */; };
		286988171475CEEC00B40860 /* UIView+PSKit.m in Sources */ = {isa = PBXBuildFile; fileRef = 2869875C1475CEEC00B40860 /* UIView+PSKit.m */; };
		286988181475CEEC00B40860 /* PSDatabaseCenter.m in Sources */ = {isa = PBXBuildFile; fileRef = 286987601475CEEC00B40860 /* PSDatabaseCenter.m */; };
		286988191475CEEC00B40860 /* PSDataCenter.m in Sources */ = {isa = PBXBuildFile; fileRef = 286987631475CEEC00B40860 /* PSDataCenter.m */; };
		2869881A1475CEEC00B40860 /* PSFacebookCenter.m in Sources */ = {isa = PBXBuildFile; fileRef = 286987671475CEEC00B40860 /* PSFacebookCenter.m */; };
		2869881B1475CEEC00B40860 /* PSImageCache.m in Sources */ = {isa = PBXBuildFile; fileRef = 2869876A1475CEEC00B40860 /* PSImageCache.m */; };
		2869881C1475CEEC00B40860 /* PSLocationCenter.m in Sources */ = {isa = PBXBuildFile; fileRef = 2869876E1475CEEC00B40860 /* PSLocationCenter.m */; };
		2869881D1475CEEC00B40860 /* PSMailCenter.m in Sources */ = {isa = PBXBuildFile; fileRef = 286987711475CEEC00B40860 /* PSMailCenter.m */; };
		2869881E1475CEEC00B40860 /* PSReachabilityCenter.m in Sources */ = {isa = PBXBuildFile; fileRef = 286987741475CEEC00B40860 /* PSReachabilityCenter.m */; };
		2869881F1475CEEC00B40860 /* PSSearchCenter.m in Sources */ = {isa = PBXBuildFile; fileRef = 286987771475CEEC00B40860 /* PSSearchCenter.m */; };
		286988201475CEEC00B40860 /* bg_toast.png in Resources */ = {isa = PBXBuildFile; fileRef = 286987791475CEEC00B40860 /* bg_toast.png */; };
		286988211475CEEC00B40860 /* bg_toast@2x.png in Resources */ = {isa = PBXBuildFile; fileRef = 2869877A1475CEEC00B40860 /* bg_toast@2x.png */; };
		286988221475CEEC00B40860 /* PSToastCenter.m in Sources */ = {isa = PBXBuildFile; fileRef = 2869877C1475CEEC00B40860 /* PSToastCenter.m */; };
		286988231475CEEC00B40860 /* PSURLCache.m in Sources */ = {isa = PBXBuildFile; fileRef = 2869877F1475CEEC00B40860 /* PSURLCache.m */; };
		286988241475CEEC00B40860 /* PSBaseViewController.m in Sources */ = {isa = PBXBuildFile; fileRef = 286987851475CEEC00B40860 /* PSBaseViewController.m */; };
		286988251475CEEC00B40860 /* PSCell.m in Sources */ = {isa = PBXBuildFile; fileRef = 286987871475CEEC00B40860 /* PSCell.m */; };
		286988261475CEEC00B40860 /* PSImageArrayView.m in Sources */ = {isa = PBXBuildFile; fileRef = 286987891475CEEC00B40860 /* PSImageArrayView.m */; };
		286988271475CEEC00B40860 /* PSImageCell.m in Sources */ = {isa = PBXBuildFile; fileRef = 2869878B1475CEEC00B40860 /* PSImageCell.m */; };
		286988281475CEEC00B40860 /* PSImageView.m in Sources */ = {isa = PBXBuildFile; fileRef = 2869878D1475CEEC00B40860 /* PSImageView.m */; };
		286988291475CEEC00B40860 /* PSNullView.m in Sources */ = {isa = PBXBuildFile; fileRef = 286987901475CEEC00B40860 /* PSNullView.m */; };
		2869882A1475CEEC00B40860 /* PSObject.m in Sources */ = {isa = PBXBuildFile; fileRef = 286987921475CEEC00B40860 /* PSObject.m */; };
		2869882B1475CEEC00B40860 /* PSOverlayImageView.m in Sources */ = {isa = PBXBuildFile; fileRef = 286987941475CEEC00B40860 /* PSOverlayImageView.m */; };
		2869882C1475CEEC00B40860 /* PSRandomSortDescriptor.m in Sources */ = {isa = PBXBuildFile; fileRef = 286987961475CEEC00B40860 /* PSRandomSortDescriptor.m */; };
		2869882D1475CEEC00B40860 /* PSRollupView.m in Sources */ = {isa = PBXBuildFile; fileRef = 286987981475CEEC00B40860 /* PSRollupView.m */; };
		2869882E1475CEEC00B40860 /* PSSearchField.m in Sources */ = {isa = PBXBuildFile; fileRef = 2869879A1475CEEC00B40860 /* PSSearchField.m */; };
		2869882F1475CEEC00B40860 /* PSStarView.m in Sources */ = {isa = PBXBuildFile; fileRef = 2869879C1475CEEC00B40860 /* PSStarView.m */; };
		286988301475CEEC00B40860 /* PSTableViewController.m in Sources */ = {isa = PBXBuildFile; fileRef = 2869879F1475CEEC00B40860 /* PSTableViewController.m */; };
		286988311475CEEC00B40860 /* PSTextField.m in Sources */ = {isa = PBXBuildFile; fileRef = 286987A11475CEEC00B40860 /* PSTextField.m */; };
		286988321475CEEC00B40860 /* PSTextView.m in Sources */ = {isa = PBXBuildFile; fileRef = 286987A31475CEEC00B40860 /* PSTextView.m */; };
		286988331475CEEC00B40860 /* PSTutorialView.m in Sources */ = {isa = PBXBuildFile; fileRef = 286987A51475CEEC00B40860 /* PSTutorialView.m */; };
		286988341475CEEC00B40860 /* PSURLCacheImageView.m in Sources */ = {isa = PBXBuildFile; fileRef = 286987A71475CEEC00B40860 /* PSURLCacheImageView.m */; };
		286988351475CEEC00B40860 /* PSView.m in Sources */ = {isa = PBXBuildFile; fileRef = 286987A91475CEEC00B40860 /* PSView.m */; };
		286988361475CEEC00B40860 /* PSViewController.m in Sources */ = {isa = PBXBuildFile; fileRef = 286987AB1475CEEC00B40860 /* PSViewController.m */; };
		286988371475CEEC00B40860 /* PSKit.bundle in Resources */ = {isa = PBXBuildFile; fileRef = 286987AC1475CEEC00B40860 /* PSKit.bundle */; };
		286988381475CEEC00B40860 /* PSNavigationBar.bundle in Resources */ = {isa = PBXBuildFile; fileRef = 286987AE1475CEEC00B40860 /* PSNavigationBar.bundle */; };
		286988391475CEEC00B40860 /* PSNavigationBar.m in Sources */ = {isa = PBXBuildFile; fileRef = 286987B01475CEEC00B40860 /* PSNavigationBar.m */; };
		2869883A1475CEEC00B40860 /* PSNavigationController.xib in Resources */ = {isa = PBXBuildFile; fileRef = 286987B11475CEEC00B40860 /* PSNavigationController.xib */; };
		2869883B1475CEEC00B40860 /* PSStyleSheet-Default.plist in Resources */ = {isa = PBXBuildFile; fileRef = 286987B31475CEEC00B40860 /* PSStyleSheet-Default.plist */; };
		2869883C1475CEEC00B40860 /* PSStyleSheet.m in Sources */ = {isa = PBXBuildFile; fileRef = 286987B51475CEEC00B40860 /* PSStyleSheet.m */; };
		2869883D1475CEEC00B40860 /* AFHTTPClient.m in Sources */ = {isa = PBXBuildFile; fileRef = 286987B91475CEEC00B40860 /* AFHTTPClient.m */; };
		2869883E1475CEEC00B40860 /* AFHTTPRequestOperation.m in Sources */ = {isa = PBXBuildFile; fileRef = 286987BB1475CEEC00B40860 /* AFHTTPRequestOperation.m */; };
		2869883F1475CEEC00B40860 /* AFImageCache.m in Sources */ = {isa = PBXBuildFile; fileRef = 286987BD1475CEEC00B40860 /* AFImageCache.m */; };
		286988401475CEEC00B40860 /* AFImageRequestOperation.m in Sources */ = {isa = PBXBuildFile; fileRef = 286987BF1475CEEC00B40860 /* AFImageRequestOperation.m */; };
		286988411475CEEC00B40860 /* AFJSONRequestOperation.m in Sources */ = {isa = PBXBuildFile; fileRef = 286987C11475CEEC00B40860 /* AFJSONRequestOperation.m */; };
		286988421475CEEC00B40860 /* AFNetworkActivityIndicatorManager.m in Sources */ = {isa = PBXBuildFile; fileRef = 286987C41475CEEC00B40860 /* AFNetworkActivityIndicatorManager.m */; };
		286988431475CEEC00B40860 /* AFPropertyListRequestOperation.m in Sources */ = {isa = PBXBuildFile; fileRef = 286987C71475CEEC00B40860 /* AFPropertyListRequestOperation.m */; };
		286988441475CEEC00B40860 /* AFURLConnectionOperation.m in Sources */ = {isa = PBXBuildFile; fileRef = 286987C91475CEEC00B40860 /* AFURLConnectionOperation.m */; };
		286988451475CEEC00B40860 /* AFXMLRequestOperation.m in Sources */ = {isa = PBXBuildFile; fileRef = 286987CB1475CEEC00B40860 /* AFXMLRequestOperation.m */; };
		286988461475CEEC00B40860 /* UIImageView+AFNetworking.m in Sources */ = {isa = PBXBuildFile; fileRef = 286987CD1475CEEC00B40860 /* UIImageView+AFNetworking.m */; };
		286988471475CEEC00B40860 /* AFURLCache.m in Sources */ = {isa = PBXBuildFile; fileRef = 286987D01475CEEC00B40860 /* AFURLCache.m */; };
		286988481475CEEC00B40860 /* EGODatabase.m in Sources */ = {isa = PBXBuildFile; fileRef = 286987D31475CEEC00B40860 /* EGODatabase.m */; };
		286988491475CEEC00B40860 /* EGODatabaseRequest.m in Sources */ = {isa = PBXBuildFile; fileRef = 286987D51475CEEC00B40860 /* EGODatabaseRequest.m */; };
		2869884A1475CEEC00B40860 /* EGODatabaseResult.m in Sources */ = {isa = PBXBuildFile; fileRef = 286987D71475CEEC00B40860 /* EGODatabaseResult.m */; };
		2869884B1475CEEC00B40860 /* EGODatabaseRow.m in Sources */ = {isa = PBXBuildFile; fileRef = 286987D91475CEEC00B40860 /* EGODatabaseRow.m */; };
		2869884C1475CEEC00B40860 /* Facebook.m in Sources */ = {isa = PBXBuildFile; fileRef = 286987DC1475CEEC00B40860 /* Facebook.m */; };
		2869884D1475CEEC00B40860 /* FBDialog.bundle in Resources */ = {isa = PBXBuildFile; fileRef = 286987DE1475CEEC00B40860 /* FBDialog.bundle */; };
		2869884E1475CEEC00B40860 /* FBDialog.m in Sources */ = {isa = PBXBuildFile; fileRef = 286987E01475CEEC00B40860 /* FBDialog.m */; };
		2869884F1475CEEC00B40860 /* FBLoginDialog.m in Sources */ = {isa = PBXBuildFile; fileRef = 286987E21475CEEC00B40860 /* FBLoginDialog.m */; };
		286988501475CEEC00B40860 /* FBRequest.m in Sources */ = {isa = PBXBuildFile; fileRef = 286987E41475CEEC00B40860 /* FBRequest.m */; };
		286988511475CEEC00B40860 /* TTTArrayFormatter.m in Sources */ = {isa = PBXBuildFile; fileRef = 286987E81475CEEC00B40860 /* TTTArrayFormatter.m */; };
		286988521475CEEC00B40860 /* TTTHoursOfOperation.m in Sources */ = {isa = PBXBuildFile; fileRef = 286987EB1475CEEC00B40860 /* TTTHoursOfOperation.m */; };
		286988531475CEEC00B40860 /* TTTLocationFormatter.m in Sources */ = {isa = PBXBuildFile; fileRef = 286987EE1475CEEC00B40860 /* TTTLocationFormatter.m */; };
		286988541475CEEC00B40860 /* TTTOrdinalNumberFormatter.m in Sources */ = {isa = PBXBuildFile; fileRef = 286987F11475CEEC00B40860 /* TTTOrdinalNumberFormatter.m */; };
		286988551475CEEC00B40860 /* TTTTimeIntervalFormatter.m in Sources */ = {isa = PBXBuildFile; fileRef = 286987F41475CEEC00B40860 /* TTTTimeIntervalFormatter.m */; };
		286988561475CEEC00B40860 /* TTTURLRequestFormatter.m in Sources */ = {isa = PBXBuildFile; fileRef = 286987F71475CEEC00B40860 /* TTTURLRequestFormatter.m */; };
		286988571475CEEC00B40860 /* JSONKit.m in Sources */ = {isa = PBXBuildFile; fileRef = 286987FA1475CEEC00B40860 /* JSONKit.m */; };
		286988581475CEEC00B40860 /* EGORefreshTableHeaderView.m in Sources */ = {isa = PBXBuildFile; fileRef = 286987FD1475CEEC00B40860 /* EGORefreshTableHeaderView.m */; };
		286988591475CEEC00B40860 /* PullToRefresh.bundle in Resources */ = {isa = PBXBuildFile; fileRef = 286987FE1475CEEC00B40860 /* PullToRefresh.bundle */; };
		2869885A1475CEEC00B40860 /* Reachability.m in Sources */ = {isa = PBXBuildFile; fileRef = 286988011475CEEC00B40860 /* Reachability.m */; };
		2869885B1475CEEC00B40860 /* SVProgressHUD.bundle in Resources */ = {isa = PBXBuildFile; fileRef = 286988031475CEEC00B40860 /* SVProgressHUD.bundle */; };
		2869885C1475CEEC00B40860 /* SVProgressHUD.m in Sources */ = {isa = PBXBuildFile; fileRef = 286988051475CEEC00B40860 /* SVProgressHUD.m */; };
		2869885D1475CEEC00B40860 /* TTTAttributedLabel.m in Sources */ = {isa = PBXBuildFile; fileRef = 286988081475CEEC00B40860 /* TTTAttributedLabel.m */; };
		286988621475CF3500B40860 /* InitialDefaults.plist in Resources */ = {isa = PBXBuildFile; fileRef = 286988611475CF3500B40860 /* InitialDefaults.plist */; };
		28B855D9147C7645004F84EA /* PSDrawerController.m in Sources */ = {isa = PBXBuildFile; fileRef = 28B855D8147C7645004F84EA /* PSDrawerController.m */; };
		28B855DD147CDCE6004F84EA /* ProfileViewController.m in Sources */ = {isa = PBXBuildFile; fileRef = 28B855DC147CDCE6004F84EA /* ProfileViewController.m */; };
		28B855E0147CDDE8004F84EA /* MenuViewController.m in Sources */ = {isa = PBXBuildFile; fileRef = 28B855DF147CDDE8004F84EA /* MenuViewController.m */; };
		28B855E9147CE137004F84EA /* IconMenu.png in Resources */ = {isa = PBXBuildFile; fileRef = 28B855E7147CE137004F84EA /* IconMenu.png */; };
		28B855EA147CE137004F84EA /* IconMenu@2x.png in Resources */ = {isa = PBXBuildFile; fileRef = 28B855E8147CE137004F84EA /* IconMenu@2x.png */; };
		28B855ED147CE1A3004F84EA /* LoginViewController.m in Sources */ = {isa = PBXBuildFile; fileRef = 28B855EC147CE1A3004F84EA /* LoginViewController.m */; };
		28B855F5147CE5AA004F84EA /* BackgroundNavigationBar.png in Resources */ = {isa = PBXBuildFile; fileRef = 28B855F2147CE5AA004F84EA /* BackgroundNavigationBar.png */; };
		28B855F6147CE5AA004F84EA /* BackgroundNavigationBar@2x.png in Resources */ = {isa = PBXBuildFile; fileRef = 28B855F3147CE5AA004F84EA /* BackgroundNavigationBar@2x.png */; };
		28B855F7147CE5AA004F84EA /* BackgroundNavigationBar~ipad.png in Resources */ = {isa = PBXBuildFile; fileRef = 28B855F4147CE5AA004F84EA /* BackgroundNavigationBar~ipad.png */; };
/* End PBXBuildFile section */

/* Begin PBXFileReference section */
		283818BE14723F1D007E4827 /* Rolodex.app */ = {isa = PBXFileReference; explicitFileType = wrapper.application; includeInIndex = 0; path = Rolodex.app; sourceTree = BUILT_PRODUCTS_DIR; };
		283818C214723F1D007E4827 /* UIKit.framework */ = {isa = PBXFileReference; lastKnownFileType = wrapper.framework; name = UIKit.framework; path = System/Library/Frameworks/UIKit.framework; sourceTree = SDKROOT; };
		283818C414723F1D007E4827 /* Foundation.framework */ = {isa = PBXFileReference; lastKnownFileType = wrapper.framework; name = Foundation.framework; path = System/Library/Frameworks/Foundation.framework; sourceTree = SDKROOT; };
		283818C614723F1D007E4827 /* CoreGraphics.framework */ = {isa = PBXFileReference; lastKnownFileType = wrapper.framework; name = CoreGraphics.framework; path = System/Library/Frameworks/CoreGraphics.framework; sourceTree = SDKROOT; };
		283818CA14723F1D007E4827 /* Rolodex-Info.plist */ = {isa = PBXFileReference; lastKnownFileType = text.plist.xml; path = "Rolodex-Info.plist"; sourceTree = "<group>"; };
		283818CC14723F1D007E4827 /* en */ = {isa = PBXFileReference; lastKnownFileType = text.plist.strings; name = en; path = en.lproj/InfoPlist.strings; sourceTree = "<group>"; };
		283818CE14723F1D007E4827 /* main.m */ = {isa = PBXFileReference; lastKnownFileType = sourcecode.c.objc; path = main.m; sourceTree = "<group>"; };
		283818D014723F1D007E4827 /* Rolodex-Prefix.pch */ = {isa = PBXFileReference; lastKnownFileType = sourcecode.c.h; path = "Rolodex-Prefix.pch"; sourceTree = "<group>"; };
		283818D114723F1D007E4827 /* AppDelegate.h */ = {isa = PBXFileReference; lastKnownFileType = sourcecode.c.h; path = AppDelegate.h; sourceTree = "<group>"; };
		283818D214723F1D007E4827 /* AppDelegate.m */ = {isa = PBXFileReference; lastKnownFileType = sourcecode.c.objc; path = AppDelegate.m; sourceTree = "<group>"; };
		28381A7E1472ED1C007E4827 /* QuartzCore.framework */ = {isa = PBXFileReference; lastKnownFileType = wrapper.framework; name = QuartzCore.framework; path = System/Library/Frameworks/QuartzCore.framework; sourceTree = SDKROOT; };
		28381A911472F88A007E4827 /* libsqlite3.dylib */ = {isa = PBXFileReference; lastKnownFileType = "compiled.mach-o.dylib"; name = libsqlite3.dylib; path = usr/lib/libsqlite3.dylib; sourceTree = SDKROOT; };
		28381A931472F899007E4827 /* SystemConfiguration.framework */ = {isa = PBXFileReference; lastKnownFileType = wrapper.framework; name = SystemConfiguration.framework; path = System/Library/Frameworks/SystemConfiguration.framework; sourceTree = SDKROOT; };
		28381A951472F8B7007E4827 /* MobileCoreServices.framework */ = {isa = PBXFileReference; lastKnownFileType = wrapper.framework; name = MobileCoreServices.framework; path = System/Library/Frameworks/MobileCoreServices.framework; sourceTree = SDKROOT; };
		28381A971472F8C8007E4827 /* CoreText.framework */ = {isa = PBXFileReference; lastKnownFileType = wrapper.framework; name = CoreText.framework; path = System/Library/Frameworks/CoreText.framework; sourceTree = SDKROOT; };
		28381A991472F8EF007E4827 /* CoreLocation.framework */ = {isa = PBXFileReference; lastKnownFileType = wrapper.framework; name = CoreLocation.framework; path = System/Library/Frameworks/CoreLocation.framework; sourceTree = SDKROOT; };
		28381A9B1472F914007E4827 /* MessageUI.framework */ = {isa = PBXFileReference; lastKnownFileType = wrapper.framework; name = MessageUI.framework; path = System/Library/Frameworks/MessageUI.framework; sourceTree = SDKROOT; };
		284EA206147CF5B600C4F3CE /* me.json */ = {isa = PBXFileReference; fileEncoding = 4; lastKnownFileType = text.json; path = me.json; sourceTree = "<group>"; };
		2869870814730F7200B40860 /* Constants.h */ = {isa = PBXFileReference; fileEncoding = 4; lastKnownFileType = sourcecode.c.h; path = Constants.h; sourceTree = "<group>"; };
		2869871C1473139E00B40860 /* BackgroundBlueprint.jpg */ = {isa = PBXFileReference; lastKnownFileType = image.jpeg; path = BackgroundBlueprint.jpg; sourceTree = "<group>"; };
		2869871D1473139E00B40860 /* BackgroundBlueprint@2x.jpg */ = {isa = PBXFileReference; lastKnownFileType = image.jpeg; path = "BackgroundBlueprint@2x.jpg"; sourceTree = "<group>"; };
		2869871E1473139E00B40860 /* BackgroundBlueprint~ipad.jpg */ = {isa = PBXFileReference; lastKnownFileType = image.jpeg; path = "BackgroundBlueprint~ipad.jpg"; sourceTree = "<group>"; };
		2869871F1473139E00B40860 /* BackgroundLeather.jpg */ = {isa = PBXFileReference; lastKnownFileType = image.jpeg; path = BackgroundLeather.jpg; sourceTree = "<group>"; };
		286987201473139E00B40860 /* BackgroundLeather@2x.jpg */ = {isa = PBXFileReference; lastKnownFileType = image.jpeg; path = "BackgroundLeather@2x.jpg"; sourceTree = "<group>"; };
		286987211473139E00B40860 /* BackgroundLeather~ipad.jpg */ = {isa = PBXFileReference; lastKnownFileType = image.jpeg; path = "BackgroundLeather~ipad.jpg"; sourceTree = "<group>"; };
		286987221473139E00B40860 /* Default.jpg */ = {isa = PBXFileReference; lastKnownFileType = image.jpeg; path = Default.jpg; sourceTree = "<group>"; };
		286987231473139E00B40860 /* Default@2x.jpg */ = {isa = PBXFileReference; lastKnownFileType = image.jpeg; path = "Default@2x.jpg"; sourceTree = "<group>"; };
		286987241473139E00B40860 /* Default~ipad.jpg */ = {isa = PBXFileReference; lastKnownFileType = image.jpeg; path = "Default~ipad.jpg"; sourceTree = "<group>"; };
		28698730147387C200B40860 /* PSStyleSheet.plist */ = {isa = PBXFileReference; fileEncoding = 4; lastKnownFileType = text.plist.xml; path = PSStyleSheet.plist; sourceTree = "<group>"; };
		28698732147394F500B40860 /* BackgroundDarkWood.jpg */ = {isa = PBXFileReference; lastKnownFileType = image.jpeg; path = BackgroundDarkWood.jpg; sourceTree = "<group>"; };
		28698733147394F500B40860 /* BackgroundDarkWood@2x.jpg */ = {isa = PBXFileReference; lastKnownFileType = image.jpeg; path = "BackgroundDarkWood@2x.jpg"; sourceTree = "<group>"; };
		28698734147394F600B40860 /* BackgroundDarkWood~ipad.jpg */ = {isa = PBXFileReference; lastKnownFileType = image.jpeg; path = "BackgroundDarkWood~ipad.jpg"; sourceTree = "<group>"; };
		2869873F1475CEEC00B40860 /* NSArray+PSKit.h */ = {isa = PBXFileReference; fileEncoding = 4; lastKnownFileType = sourcecode.c.h; path = "NSArray+PSKit.h"; sourceTree = "<group>"; };
		286987401475CEEC00B40860 /* NSArray+PSKit.m */ = {isa = PBXFileReference; fileEncoding = 4; lastKnownFileType = sourcecode.c.objc; path = "NSArray+PSKit.m"; sourceTree = "<group>"; };
		286987411475CEEC00B40860 /* NSData+PSKit.h */ = {isa = PBXFileReference; fileEncoding = 4; lastKnownFileType = sourcecode.c.h; path = "NSData+PSKit.h"; sourceTree = "<group>"; };
		286987421475CEEC00B40860 /* NSData+PSKit.m */ = {isa = PBXFileReference; fileEncoding = 4; lastKnownFileType = sourcecode.c.objc; path = "NSData+PSKit.m"; sourceTree = "<group>"; };
		286987431475CEEC00B40860 /* NSDate+Helper.h */ = {isa = PBXFileReference; fileEncoding = 4; lastKnownFileType = sourcecode.c.h; path = "NSDate+Helper.h"; sourceTree = "<group>"; };
		286987441475CEEC00B40860 /* NSDate+Helper.m */ = {isa = PBXFileReference; fileEncoding = 4; lastKnownFileType = sourcecode.c.objc; path = "NSDate+Helper.m"; sourceTree = "<group>"; };
		286987451475CEEC00B40860 /* NSDate+PSKit.h */ = {isa = PBXFileReference; fileEncoding = 4; lastKnownFileType = sourcecode.c.h; path = "NSDate+PSKit.h"; sourceTree = "<group>"; };
		286987461475CEEC00B40860 /* NSDate+PSKit.m */ = {isa = PBXFileReference; fileEncoding = 4; lastKnownFileType = sourcecode.c.objc; path = "NSDate+PSKit.m"; sourceTree = "<group>"; };
		286987471475CEEC00B40860 /* NSObject+PSKit.h */ = {isa = PBXFileReference; fileEncoding = 4; lastKnownFileType = sourcecode.c.h; path = "NSObject+PSKit.h"; sourceTree = "<group>"; };
		286987481475CEEC00B40860 /* NSObject+PSKit.m */ = {isa = PBXFileReference; fileEncoding = 4; lastKnownFileType = sourcecode.c.objc; path = "NSObject+PSKit.m"; sourceTree = "<group>"; };
		286987491475CEEC00B40860 /* NSString+PSKit.h */ = {isa = PBXFileReference; fileEncoding = 4; lastKnownFileType = sourcecode.c.h; path = "NSString+PSKit.h"; sourceTree = "<group>"; };
		2869874A1475CEEC00B40860 /* NSString+PSKit.m */ = {isa = PBXFileReference; fileEncoding = 4; lastKnownFileType = sourcecode.c.objc; path = "NSString+PSKit.m"; sourceTree = "<group>"; };
		2869874B1475CEEC00B40860 /* NSURL+PSKit.h */ = {isa = PBXFileReference; fileEncoding = 4; lastKnownFileType = sourcecode.c.h; path = "NSURL+PSKit.h"; sourceTree = "<group>"; };
		2869874C1475CEEC00B40860 /* NSURL+PSKit.m */ = {isa = PBXFileReference; fileEncoding = 4; lastKnownFileType = sourcecode.c.objc; path = "NSURL+PSKit.m"; sourceTree = "<group>"; };
		2869874D1475CEEC00B40860 /* UIBarButtonItem+PSKit.h */ = {isa = PBXFileReference; fileEncoding = 4; lastKnownFileType = sourcecode.c.h; path = "UIBarButtonItem+PSKit.h"; sourceTree = "<group>"; };
		2869874E1475CEEC00B40860 /* UIBarButtonItem+PSKit.m */ = {isa = PBXFileReference; fileEncoding = 4; lastKnownFileType = sourcecode.c.objc; path = "UIBarButtonItem+PSKit.m"; sourceTree = "<group>"; };
		2869874F1475CEEC00B40860 /* UIButton+PSKit.h */ = {isa = PBXFileReference; fileEncoding = 4; lastKnownFileType = sourcecode.c.h; path = "UIButton+PSKit.h"; sourceTree = "<group>"; };
		286987501475CEEC00B40860 /* UIButton+PSKit.m */ = {isa = PBXFileReference; fileEncoding = 4; lastKnownFileType = sourcecode.c.objc; path = "UIButton+PSKit.m"; sourceTree = "<group>"; };
		286987511475CEEC00B40860 /* UIColor+PSKit.h */ = {isa = PBXFileReference; fileEncoding = 4; lastKnownFileType = sourcecode.c.h; path = "UIColor+PSKit.h"; sourceTree = "<group>"; };
		286987521475CEEC00B40860 /* UIColor+PSKit.m */ = {isa = PBXFileReference; fileEncoding = 4; lastKnownFileType = sourcecode.c.objc; path = "UIColor+PSKit.m"; sourceTree = "<group>"; };
		286987531475CEEC00B40860 /* UIDevice+Hardware.h */ = {isa = PBXFileReference; fileEncoding = 4; lastKnownFileType = sourcecode.c.h; path = "UIDevice+Hardware.h"; sourceTree = "<group>"; };
		286987541475CEEC00B40860 /* UIDevice+Hardware.m */ = {isa = PBXFileReference; fileEncoding = 4; lastKnownFileType = sourcecode.c.objc; path = "UIDevice+Hardware.m"; sourceTree = "<group>"; };
		286987551475CEEC00B40860 /* UIImage+PSKit.h */ = {isa = PBXFileReference; fileEncoding = 4; lastKnownFileType = sourcecode.c.h; path = "UIImage+PSKit.h"; sourceTree = "<group>"; };
		286987561475CEEC00B40860 /* UIImage+PSKit.m */ = {isa = PBXFileReference; fileEncoding = 4; lastKnownFileType = sourcecode.c.objc; path = "UIImage+PSKit.m"; sourceTree = "<group>"; };
		286987571475CEEC00B40860 /* UILabel+PSKit.h */ = {isa = PBXFileReference; fileEncoding = 4; lastKnownFileType = sourcecode.c.h; path = "UILabel+PSKit.h"; sourceTree = "<group>"; };
		286987581475CEEC00B40860 /* UILabel+PSKit.m */ = {isa = PBXFileReference; fileEncoding = 4; lastKnownFileType = sourcecode.c.objc; path = "UILabel+PSKit.m"; sourceTree = "<group>"; };
		286987591475CEEC00B40860 /* UIScreen+PSKit.h */ = {isa = PBXFileReference; fileEncoding = 4; lastKnownFileType = sourcecode.c.h; path = "UIScreen+PSKit.h"; sourceTree = "<group>"; };
		2869875A1475CEEC00B40860 /* UIScreen+PSKit.m */ = {isa = PBXFileReference; fileEncoding = 4; lastKnownFileType = sourcecode.c.objc; path = "UIScreen+PSKit.m"; sourceTree = "<group>"; };
		2869875B1475CEEC00B40860 /* UIView+PSKit.h */ = {isa = PBXFileReference; fileEncoding = 4; lastKnownFileType = sourcecode.c.h; path = "UIView+PSKit.h"; sourceTree = "<group>"; };
		2869875C1475CEEC00B40860 /* UIView+PSKit.m */ = {isa = PBXFileReference; fileEncoding = 4; lastKnownFileType = sourcecode.c.objc; path = "UIView+PSKit.m"; sourceTree = "<group>"; };
		2869875F1475CEEC00B40860 /* PSDatabaseCenter.h */ = {isa = PBXFileReference; fileEncoding = 4; lastKnownFileType = sourcecode.c.h; path = PSDatabaseCenter.h; sourceTree = "<group>"; };
		286987601475CEEC00B40860 /* PSDatabaseCenter.m */ = {isa = PBXFileReference; fileEncoding = 4; lastKnownFileType = sourcecode.c.objc; path = PSDatabaseCenter.m; sourceTree = "<group>"; };
		286987621475CEEC00B40860 /* PSDataCenter.h */ = {isa = PBXFileReference; fileEncoding = 4; lastKnownFileType = sourcecode.c.h; path = PSDataCenter.h; sourceTree = "<group>"; };
		286987631475CEEC00B40860 /* PSDataCenter.m */ = {isa = PBXFileReference; fileEncoding = 4; lastKnownFileType = sourcecode.c.objc; path = PSDataCenter.m; sourceTree = "<group>"; };
		286987641475CEEC00B40860 /* PSDataCenterDelegate.h */ = {isa = PBXFileReference; fileEncoding = 4; lastKnownFileType = sourcecode.c.h; path = PSDataCenterDelegate.h; sourceTree = "<group>"; };
		286987661475CEEC00B40860 /* PSFacebookCenter.h */ = {isa = PBXFileReference; fileEncoding = 4; lastKnownFileType = sourcecode.c.h; path = PSFacebookCenter.h; sourceTree = "<group>"; };
		286987671475CEEC00B40860 /* PSFacebookCenter.m */ = {isa = PBXFileReference; fileEncoding = 4; lastKnownFileType = sourcecode.c.objc; path = PSFacebookCenter.m; sourceTree = "<group>"; };
		286987691475CEEC00B40860 /* PSImageCache.h */ = {isa = PBXFileReference; fileEncoding = 4; lastKnownFileType = sourcecode.c.h; path = PSImageCache.h; sourceTree = "<group>"; };
		2869876A1475CEEC00B40860 /* PSImageCache.m */ = {isa = PBXFileReference; fileEncoding = 4; lastKnownFileType = sourcecode.c.objc; path = PSImageCache.m; sourceTree = "<group>"; };
		2869876B1475CEEC00B40860 /* PSImageCacheDelegate.h */ = {isa = PBXFileReference; fileEncoding = 4; lastKnownFileType = sourcecode.c.h; path = PSImageCacheDelegate.h; sourceTree = "<group>"; };
		2869876D1475CEEC00B40860 /* PSLocationCenter.h */ = {isa = PBXFileReference; fileEncoding = 4; lastKnownFileType = sourcecode.c.h; path = PSLocationCenter.h; sourceTree = "<group>"; };
		2869876E1475CEEC00B40860 /* PSLocationCenter.m */ = {isa = PBXFileReference; fileEncoding = 4; lastKnownFileType = sourcecode.c.objc; path = PSLocationCenter.m; sourceTree = "<group>"; };
		286987701475CEEC00B40860 /* PSMailCenter.h */ = {isa = PBXFileReference; fileEncoding = 4; lastKnownFileType = sourcecode.c.h; path = PSMailCenter.h; sourceTree = "<group>"; };
		286987711475CEEC00B40860 /* PSMailCenter.m */ = {isa = PBXFileReference; fileEncoding = 4; lastKnownFileType = sourcecode.c.objc; path = PSMailCenter.m; sourceTree = "<group>"; };
		286987731475CEEC00B40860 /* PSReachabilityCenter.h */ = {isa = PBXFileReference; fileEncoding = 4; lastKnownFileType = sourcecode.c.h; path = PSReachabilityCenter.h; sourceTree = "<group>"; };
		286987741475CEEC00B40860 /* PSReachabilityCenter.m */ = {isa = PBXFileReference; fileEncoding = 4; lastKnownFileType = sourcecode.c.objc; path = PSReachabilityCenter.m; sourceTree = "<group>"; };
		286987761475CEEC00B40860 /* PSSearchCenter.h */ = {isa = PBXFileReference; fileEncoding = 4; lastKnownFileType = sourcecode.c.h; path = PSSearchCenter.h; sourceTree = "<group>"; };
		286987771475CEEC00B40860 /* PSSearchCenter.m */ = {isa = PBXFileReference; fileEncoding = 4; lastKnownFileType = sourcecode.c.objc; path = PSSearchCenter.m; sourceTree = "<group>"; };
		286987791475CEEC00B40860 /* bg_toast.png */ = {isa = PBXFileReference; lastKnownFileType = image.png; path = bg_toast.png; sourceTree = "<group>"; };
		2869877A1475CEEC00B40860 /* bg_toast@2x.png */ = {isa = PBXFileReference; lastKnownFileType = image.png; path = "bg_toast@2x.png"; sourceTree = "<group>"; };
		2869877B1475CEEC00B40860 /* PSToastCenter.h */ = {isa = PBXFileReference; fileEncoding = 4; lastKnownFileType = sourcecode.c.h; path = PSToastCenter.h; sourceTree = "<group>"; };
		2869877C1475CEEC00B40860 /* PSToastCenter.m */ = {isa = PBXFileReference; fileEncoding = 4; lastKnownFileType = sourcecode.c.objc; path = PSToastCenter.m; sourceTree = "<group>"; };
		2869877E1475CEEC00B40860 /* PSURLCache.h */ = {isa = PBXFileReference; fileEncoding = 4; lastKnownFileType = sourcecode.c.h; path = PSURLCache.h; sourceTree = "<group>"; };
		2869877F1475CEEC00B40860 /* PSURLCache.m */ = {isa = PBXFileReference; fileEncoding = 4; lastKnownFileType = sourcecode.c.objc; path = PSURLCache.m; sourceTree = "<group>"; };
		286987811475CEEC00B40860 /* PSCategories.h */ = {isa = PBXFileReference; fileEncoding = 4; lastKnownFileType = sourcecode.c.h; path = PSCategories.h; sourceTree = "<group>"; };
		286987821475CEEC00B40860 /* PSConstants.h */ = {isa = PBXFileReference; fileEncoding = 4; lastKnownFileType = sourcecode.c.h; path = PSConstants.h; sourceTree = "<group>"; };
		286987841475CEEC00B40860 /* PSBaseViewController.h */ = {isa = PBXFileReference; fileEncoding = 4; lastKnownFileType = sourcecode.c.h; path = PSBaseViewController.h; sourceTree = "<group>"; };
		286987851475CEEC00B40860 /* PSBaseViewController.m */ = {isa = PBXFileReference; fileEncoding = 4; lastKnownFileType = sourcecode.c.objc; path = PSBaseViewController.m; sourceTree = "<group>"; };
		286987861475CEEC00B40860 /* PSCell.h */ = {isa = PBXFileReference; fileEncoding = 4; lastKnownFileType = sourcecode.c.h; path = PSCell.h; sourceTree = "<group>"; };
		286987871475CEEC00B40860 /* PSCell.m */ = {isa = PBXFileReference; fileEncoding = 4; lastKnownFileType = sourcecode.c.objc; path = PSCell.m; sourceTree = "<group>"; };
		286987881475CEEC00B40860 /* PSImageArrayView.h */ = {isa = PBXFileReference; fileEncoding = 4; lastKnownFileType = sourcecode.c.h; path = PSImageArrayView.h; sourceTree = "<group>"; };
		286987891475CEEC00B40860 /* PSImageArrayView.m */ = {isa = PBXFileReference; fileEncoding = 4; lastKnownFileType = sourcecode.c.objc; path = PSImageArrayView.m; sourceTree = "<group>"; };
		2869878A1475CEEC00B40860 /* PSImageCell.h */ = {isa = PBXFileReference; fileEncoding = 4; lastKnownFileType = sourcecode.c.h; path = PSImageCell.h; sourceTree = "<group>"; };
		2869878B1475CEEC00B40860 /* PSImageCell.m */ = {isa = PBXFileReference; fileEncoding = 4; lastKnownFileType = sourcecode.c.objc; path = PSImageCell.m; sourceTree = "<group>"; };
		2869878C1475CEEC00B40860 /* PSImageView.h */ = {isa = PBXFileReference; fileEncoding = 4; lastKnownFileType = sourcecode.c.h; path = PSImageView.h; sourceTree = "<group>"; };
		2869878D1475CEEC00B40860 /* PSImageView.m */ = {isa = PBXFileReference; fileEncoding = 4; lastKnownFileType = sourcecode.c.objc; path = PSImageView.m; sourceTree = "<group>"; };
		2869878E1475CEEC00B40860 /* PSImageViewDelegate.h */ = {isa = PBXFileReference; fileEncoding = 4; lastKnownFileType = sourcecode.c.h; path = PSImageViewDelegate.h; sourceTree = "<group>"; };
		2869878F1475CEEC00B40860 /* PSNullView.h */ = {isa = PBXFileReference; fileEncoding = 4; lastKnownFileType = sourcecode.c.h; path = PSNullView.h; sourceTree = "<group>"; };
		286987901475CEEC00B40860 /* PSNullView.m */ = {isa = PBXFileReference; fileEncoding = 4; lastKnownFileType = sourcecode.c.objc; path = PSNullView.m; sourceTree = "<group>"; };
		286987911475CEEC00B40860 /* PSObject.h */ = {isa = PBXFileReference; fileEncoding = 4; lastKnownFileType = sourcecode.c.h; path = PSObject.h; sourceTree = "<group>"; };
		286987921475CEEC00B40860 /* PSObject.m */ = {isa = PBXFileReference; fileEncoding = 4; lastKnownFileType = sourcecode.c.objc; path = PSObject.m; sourceTree = "<group>"; };
		286987931475CEEC00B40860 /* PSOverlayImageView.h */ = {isa = PBXFileReference; fileEncoding = 4; lastKnownFileType = sourcecode.c.h; path = PSOverlayImageView.h; sourceTree = "<group>"; };
		286987941475CEEC00B40860 /* PSOverlayImageView.m */ = {isa = PBXFileReference; fileEncoding = 4; lastKnownFileType = sourcecode.c.objc; path = PSOverlayImageView.m; sourceTree = "<group>"; };
		286987951475CEEC00B40860 /* PSRandomSortDescriptor.h */ = {isa = PBXFileReference; fileEncoding = 4; lastKnownFileType = sourcecode.c.h; path = PSRandomSortDescriptor.h; sourceTree = "<group>"; };
		286987961475CEEC00B40860 /* PSRandomSortDescriptor.m */ = {isa = PBXFileReference; fileEncoding = 4; lastKnownFileType = sourcecode.c.objc; path = PSRandomSortDescriptor.m; sourceTree = "<group>"; };
		286987971475CEEC00B40860 /* PSRollupView.h */ = {isa = PBXFileReference; fileEncoding = 4; lastKnownFileType = sourcecode.c.h; path = PSRollupView.h; sourceTree = "<group>"; };
		286987981475CEEC00B40860 /* PSRollupView.m */ = {isa = PBXFileReference; fileEncoding = 4; lastKnownFileType = sourcecode.c.objc; path = PSRollupView.m; sourceTree = "<group>"; };
		286987991475CEEC00B40860 /* PSSearchField.h */ = {isa = PBXFileReference; fileEncoding = 4; lastKnownFileType = sourcecode.c.h; path = PSSearchField.h; sourceTree = "<group>"; };
		2869879A1475CEEC00B40860 /* PSSearchField.m */ = {isa = PBXFileReference; fileEncoding = 4; lastKnownFileType = sourcecode.c.objc; path = PSSearchField.m; sourceTree = "<group>"; };
		2869879B1475CEEC00B40860 /* PSStarView.h */ = {isa = PBXFileReference; fileEncoding = 4; lastKnownFileType = sourcecode.c.h; path = PSStarView.h; sourceTree = "<group>"; };
		2869879C1475CEEC00B40860 /* PSStarView.m */ = {isa = PBXFileReference; fileEncoding = 4; lastKnownFileType = sourcecode.c.objc; path = PSStarView.m; sourceTree = "<group>"; };
		2869879D1475CEEC00B40860 /* PSStateMachine.h */ = {isa = PBXFileReference; fileEncoding = 4; lastKnownFileType = sourcecode.c.h; path = PSStateMachine.h; sourceTree = "<group>"; };
		2869879E1475CEEC00B40860 /* PSTableViewController.h */ = {isa = PBXFileReference; fileEncoding = 4; lastKnownFileType = sourcecode.c.h; path = PSTableViewController.h; sourceTree = "<group>"; };
		2869879F1475CEEC00B40860 /* PSTableViewController.m */ = {isa = PBXFileReference; fileEncoding = 4; lastKnownFileType = sourcecode.c.objc; path = PSTableViewController.m; sourceTree = "<group>"; };
		286987A01475CEEC00B40860 /* PSTextField.h */ = {isa = PBXFileReference; fileEncoding = 4; lastKnownFileType = sourcecode.c.h; path = PSTextField.h; sourceTree = "<group>"; };
		286987A11475CEEC00B40860 /* PSTextField.m */ = {isa = PBXFileReference; fileEncoding = 4; lastKnownFileType = sourcecode.c.objc; path = PSTextField.m; sourceTree = "<group>"; };
		286987A21475CEEC00B40860 /* PSTextView.h */ = {isa = PBXFileReference; fileEncoding = 4; lastKnownFileType = sourcecode.c.h; path = PSTextView.h; sourceTree = "<group>"; };
		286987A31475CEEC00B40860 /* PSTextView.m */ = {isa = PBXFileReference; fileEncoding = 4; lastKnownFileType = sourcecode.c.objc; path = PSTextView.m; sourceTree = "<group>"; };
		286987A41475CEEC00B40860 /* PSTutorialView.h */ = {isa = PBXFileReference; fileEncoding = 4; lastKnownFileType = sourcecode.c.h; path = PSTutorialView.h; sourceTree = "<group>"; };
		286987A51475CEEC00B40860 /* PSTutorialView.m */ = {isa = PBXFileReference; fileEncoding = 4; lastKnownFileType = sourcecode.c.objc; path = PSTutorialView.m; sourceTree = "<group>"; };
		286987A61475CEEC00B40860 /* PSURLCacheImageView.h */ = {isa = PBXFileReference; fileEncoding = 4; lastKnownFileType = sourcecode.c.h; path = PSURLCacheImageView.h; sourceTree = "<group>"; };
		286987A71475CEEC00B40860 /* PSURLCacheImageView.m */ = {isa = PBXFileReference; fileEncoding = 4; lastKnownFileType = sourcecode.c.objc; path = PSURLCacheImageView.m; sourceTree = "<group>"; };
		286987A81475CEEC00B40860 /* PSView.h */ = {isa = PBXFileReference; fileEncoding = 4; lastKnownFileType = sourcecode.c.h; path = PSView.h; sourceTree = "<group>"; };
		286987A91475CEEC00B40860 /* PSView.m */ = {isa = PBXFileReference; fileEncoding = 4; lastKnownFileType = sourcecode.c.objc; path = PSView.m; sourceTree = "<group>"; };
		286987AA1475CEEC00B40860 /* PSViewController.h */ = {isa = PBXFileReference; fileEncoding = 4; lastKnownFileType = sourcecode.c.h; path = PSViewController.h; sourceTree = "<group>"; };
		286987AB1475CEEC00B40860 /* PSViewController.m */ = {isa = PBXFileReference; fileEncoding = 4; lastKnownFileType = sourcecode.c.objc; path = PSViewController.m; sourceTree = "<group>"; };
		286987AC1475CEEC00B40860 /* PSKit.bundle */ = {isa = PBXFileReference; lastKnownFileType = "wrapper.plug-in"; path = PSKit.bundle; sourceTree = "<group>"; };
		286987AE1475CEEC00B40860 /* PSNavigationBar.bundle */ = {isa = PBXFileReference; lastKnownFileType = "wrapper.plug-in"; path = PSNavigationBar.bundle; sourceTree = "<group>"; };
		286987AF1475CEEC00B40860 /* PSNavigationBar.h */ = {isa = PBXFileReference; fileEncoding = 4; lastKnownFileType = sourcecode.c.h; path = PSNavigationBar.h; sourceTree = "<group>"; };
		286987B01475CEEC00B40860 /* PSNavigationBar.m */ = {isa = PBXFileReference; fileEncoding = 4; lastKnownFileType = sourcecode.c.objc; path = PSNavigationBar.m; sourceTree = "<group>"; };
		286987B11475CEEC00B40860 /* PSNavigationController.xib */ = {isa = PBXFileReference; fileEncoding = 4; lastKnownFileType = file.xib; path = PSNavigationController.xib; sourceTree = "<group>"; };
		286987B31475CEEC00B40860 /* PSStyleSheet-Default.plist */ = {isa = PBXFileReference; fileEncoding = 4; lastKnownFileType = text.plist.xml; path = "PSStyleSheet-Default.plist"; sourceTree = "<group>"; };
		286987B41475CEEC00B40860 /* PSStyleSheet.h */ = {isa = PBXFileReference; fileEncoding = 4; lastKnownFileType = sourcecode.c.h; path = PSStyleSheet.h; sourceTree = "<group>"; };
		286987B51475CEEC00B40860 /* PSStyleSheet.m */ = {isa = PBXFileReference; fileEncoding = 4; lastKnownFileType = sourcecode.c.objc; path = PSStyleSheet.m; sourceTree = "<group>"; };
		286987B81475CEEC00B40860 /* AFHTTPClient.h */ = {isa = PBXFileReference; fileEncoding = 4; lastKnownFileType = sourcecode.c.h; path = AFHTTPClient.h; sourceTree = "<group>"; };
		286987B91475CEEC00B40860 /* AFHTTPClient.m */ = {isa = PBXFileReference; fileEncoding = 4; lastKnownFileType = sourcecode.c.objc; path = AFHTTPClient.m; sourceTree = "<group>"; };
		286987BA1475CEEC00B40860 /* AFHTTPRequestOperation.h */ = {isa = PBXFileReference; fileEncoding = 4; lastKnownFileType = sourcecode.c.h; path = AFHTTPRequestOperation.h; sourceTree = "<group>"; };
		286987BB1475CEEC00B40860 /* AFHTTPRequestOperation.m */ = {isa = PBXFileReference; fileEncoding = 4; lastKnownFileType = sourcecode.c.objc; path = AFHTTPRequestOperation.m; sourceTree = "<group>"; };
		286987BC1475CEEC00B40860 /* AFImageCache.h */ = {isa = PBXFileReference; fileEncoding = 4; lastKnownFileType = sourcecode.c.h; path = AFImageCache.h; sourceTree = "<group>"; };
		286987BD1475CEEC00B40860 /* AFImageCache.m */ = {isa = PBXFileReference; fileEncoding = 4; lastKnownFileType = sourcecode.c.objc; path = AFImageCache.m; sourceTree = "<group>"; };
		286987BE1475CEEC00B40860 /* AFImageRequestOperation.h */ = {isa = PBXFileReference; fileEncoding = 4; lastKnownFileType = sourcecode.c.h; path = AFImageRequestOperation.h; sourceTree = "<group>"; };
		286987BF1475CEEC00B40860 /* AFImageRequestOperation.m */ = {isa = PBXFileReference; fileEncoding = 4; lastKnownFileType = sourcecode.c.objc; path = AFImageRequestOperation.m; sourceTree = "<group>"; };
		286987C01475CEEC00B40860 /* AFJSONRequestOperation.h */ = {isa = PBXFileReference; fileEncoding = 4; lastKnownFileType = sourcecode.c.h; path = AFJSONRequestOperation.h; sourceTree = "<group>"; };
		286987C11475CEEC00B40860 /* AFJSONRequestOperation.m */ = {isa = PBXFileReference; fileEncoding = 4; lastKnownFileType = sourcecode.c.objc; path = AFJSONRequestOperation.m; sourceTree = "<group>"; };
		286987C21475CEEC00B40860 /* AFJSONUtilities.h */ = {isa = PBXFileReference; fileEncoding = 4; lastKnownFileType = sourcecode.c.h; path = AFJSONUtilities.h; sourceTree = "<group>"; };
		286987C31475CEEC00B40860 /* AFNetworkActivityIndicatorManager.h */ = {isa = PBXFileReference; fileEncoding = 4; lastKnownFileType = sourcecode.c.h; path = AFNetworkActivityIndicatorManager.h; sourceTree = "<group>"; };
		286987C41475CEEC00B40860 /* AFNetworkActivityIndicatorManager.m */ = {isa = PBXFileReference; fileEncoding = 4; lastKnownFileType = sourcecode.c.objc; path = AFNetworkActivityIndicatorManager.m; sourceTree = "<group>"; };
		286987C51475CEEC00B40860 /* AFNetworking.h */ = {isa = PBXFileReference; fileEncoding = 4; lastKnownFileType = sourcecode.c.h; path = AFNetworking.h; sourceTree = "<group>"; };
		286987C61475CEEC00B40860 /* AFPropertyListRequestOperation.h */ = {isa = PBXFileReference; fileEncoding = 4; lastKnownFileType = sourcecode.c.h; path = AFPropertyListRequestOperation.h; sourceTree = "<group>"; };
		286987C71475CEEC00B40860 /* AFPropertyListRequestOperation.m */ = {isa = PBXFileReference; fileEncoding = 4; lastKnownFileType = sourcecode.c.objc; path = AFPropertyListRequestOperation.m; sourceTree = "<group>"; };
		286987C81475CEEC00B40860 /* AFURLConnectionOperation.h */ = {isa = PBXFileReference; fileEncoding = 4; lastKnownFileType = sourcecode.c.h; path = AFURLConnectionOperation.h; sourceTree = "<group>"; };
		286987C91475CEEC00B40860 /* AFURLConnectionOperation.m */ = {isa = PBXFileReference; fileEncoding = 4; lastKnownFileType = sourcecode.c.objc; path = AFURLConnectionOperation.m; sourceTree = "<group>"; };
		286987CA1475CEEC00B40860 /* AFXMLRequestOperation.h */ = {isa = PBXFileReference; fileEncoding = 4; lastKnownFileType = sourcecode.c.h; path = AFXMLRequestOperation.h; sourceTree = "<group>"; };
		286987CB1475CEEC00B40860 /* AFXMLRequestOperation.m */ = {isa = PBXFileReference; fileEncoding = 4; lastKnownFileType = sourcecode.c.objc; path = AFXMLRequestOperation.m; sourceTree = "<group>"; };
		286987CC1475CEEC00B40860 /* UIImageView+AFNetworking.h */ = {isa = PBXFileReference; fileEncoding = 4; lastKnownFileType = sourcecode.c.h; path = "UIImageView+AFNetworking.h"; sourceTree = "<group>"; };
		286987CD1475CEEC00B40860 /* UIImageView+AFNetworking.m */ = {isa = PBXFileReference; fileEncoding = 4; lastKnownFileType = sourcecode.c.objc; path = "UIImageView+AFNetworking.m"; sourceTree = "<group>"; };
		286987CF1475CEEC00B40860 /* AFURLCache.h */ = {isa = PBXFileReference; fileEncoding = 4; lastKnownFileType = sourcecode.c.h; path = AFURLCache.h; sourceTree = "<group>"; };
		286987D01475CEEC00B40860 /* AFURLCache.m */ = {isa = PBXFileReference; fileEncoding = 4; lastKnownFileType = sourcecode.c.objc; path = AFURLCache.m; sourceTree = "<group>"; };
		286987D21475CEEC00B40860 /* EGODatabase.h */ = {isa = PBXFileReference; fileEncoding = 4; lastKnownFileType = sourcecode.c.h; path = EGODatabase.h; sourceTree = "<group>"; };
		286987D31475CEEC00B40860 /* EGODatabase.m */ = {isa = PBXFileReference; fileEncoding = 4; lastKnownFileType = sourcecode.c.objc; path = EGODatabase.m; sourceTree = "<group>"; };
		286987D41475CEEC00B40860 /* EGODatabaseRequest.h */ = {isa = PBXFileReference; fileEncoding = 4; lastKnownFileType = sourcecode.c.h; path = EGODatabaseRequest.h; sourceTree = "<group>"; };
		286987D51475CEEC00B40860 /* EGODatabaseRequest.m */ = {isa = PBXFileReference; fileEncoding = 4; lastKnownFileType = sourcecode.c.objc; path = EGODatabaseRequest.m; sourceTree = "<group>"; };
		286987D61475CEEC00B40860 /* EGODatabaseResult.h */ = {isa = PBXFileReference; fileEncoding = 4; lastKnownFileType = sourcecode.c.h; path = EGODatabaseResult.h; sourceTree = "<group>"; };
		286987D71475CEEC00B40860 /* EGODatabaseResult.m */ = {isa = PBXFileReference; fileEncoding = 4; lastKnownFileType = sourcecode.c.objc; path = EGODatabaseResult.m; sourceTree = "<group>"; };
		286987D81475CEEC00B40860 /* EGODatabaseRow.h */ = {isa = PBXFileReference; fileEncoding = 4; lastKnownFileType = sourcecode.c.h; path = EGODatabaseRow.h; sourceTree = "<group>"; };
		286987D91475CEEC00B40860 /* EGODatabaseRow.m */ = {isa = PBXFileReference; fileEncoding = 4; lastKnownFileType = sourcecode.c.objc; path = EGODatabaseRow.m; sourceTree = "<group>"; };
		286987DB1475CEEC00B40860 /* Facebook.h */ = {isa = PBXFileReference; fileEncoding = 4; lastKnownFileType = sourcecode.c.h; path = Facebook.h; sourceTree = "<group>"; };
		286987DC1475CEEC00B40860 /* Facebook.m */ = {isa = PBXFileReference; fileEncoding = 4; lastKnownFileType = sourcecode.c.objc; path = Facebook.m; sourceTree = "<group>"; };
		286987DD1475CEEC00B40860 /* FBConnect.h */ = {isa = PBXFileReference; fileEncoding = 4; lastKnownFileType = sourcecode.c.h; path = FBConnect.h; sourceTree = "<group>"; };
		286987DE1475CEEC00B40860 /* FBDialog.bundle */ = {isa = PBXFileReference; lastKnownFileType = "wrapper.plug-in"; path = FBDialog.bundle; sourceTree = "<group>"; };
		286987DF1475CEEC00B40860 /* FBDialog.h */ = {isa = PBXFileReference; fileEncoding = 4; lastKnownFileType = sourcecode.c.h; path = FBDialog.h; sourceTree = "<group>"; };
		286987E01475CEEC00B40860 /* FBDialog.m */ = {isa = PBXFileReference; fileEncoding = 4; lastKnownFileType = sourcecode.c.objc; path = FBDialog.m; sourceTree = "<group>"; };
		286987E11475CEEC00B40860 /* FBLoginDialog.h */ = {isa = PBXFileReference; fileEncoding = 4; lastKnownFileType = sourcecode.c.h; path = FBLoginDialog.h; sourceTree = "<group>"; };
		286987E21475CEEC00B40860 /* FBLoginDialog.m */ = {isa = PBXFileReference; fileEncoding = 4; lastKnownFileType = sourcecode.c.objc; path = FBLoginDialog.m; sourceTree = "<group>"; };
		286987E31475CEEC00B40860 /* FBRequest.h */ = {isa = PBXFileReference; fileEncoding = 4; lastKnownFileType = sourcecode.c.h; path = FBRequest.h; sourceTree = "<group>"; };
		286987E41475CEEC00B40860 /* FBRequest.m */ = {isa = PBXFileReference; fileEncoding = 4; lastKnownFileType = sourcecode.c.objc; path = FBRequest.m; sourceTree = "<group>"; };
		286987E71475CEEC00B40860 /* TTTArrayFormatter.h */ = {isa = PBXFileReference; fileEncoding = 4; lastKnownFileType = sourcecode.c.h; path = TTTArrayFormatter.h; sourceTree = "<group>"; };
		286987E81475CEEC00B40860 /* TTTArrayFormatter.m */ = {isa = PBXFileReference; fileEncoding = 4; lastKnownFileType = sourcecode.c.objc; path = TTTArrayFormatter.m; sourceTree = "<group>"; };
		286987EA1475CEEC00B40860 /* TTTHoursOfOperation.h */ = {isa = PBXFileReference; fileEncoding = 4; lastKnownFileType = sourcecode.c.h; path = TTTHoursOfOperation.h; sourceTree = "<group>"; };
		286987EB1475CEEC00B40860 /* TTTHoursOfOperation.m */ = {isa = PBXFileReference; fileEncoding = 4; lastKnownFileType = sourcecode.c.objc; path = TTTHoursOfOperation.m; sourceTree = "<group>"; };
		286987ED1475CEEC00B40860 /* TTTLocationFormatter.h */ = {isa = PBXFileReference; fileEncoding = 4; lastKnownFileType = sourcecode.c.h; path = TTTLocationFormatter.h; sourceTree = "<group>"; };
		286987EE1475CEEC00B40860 /* TTTLocationFormatter.m */ = {isa = PBXFileReference; fileEncoding = 4; lastKnownFileType = sourcecode.c.objc; path = TTTLocationFormatter.m; sourceTree = "<group>"; };
		286987F01475CEEC00B40860 /* TTTOrdinalNumberFormatter.h */ = {isa = PBXFileReference; fileEncoding = 4; lastKnownFileType = sourcecode.c.h; path = TTTOrdinalNumberFormatter.h; sourceTree = "<group>"; };
		286987F11475CEEC00B40860 /* TTTOrdinalNumberFormatter.m */ = {isa = PBXFileReference; fileEncoding = 4; lastKnownFileType = sourcecode.c.objc; path = TTTOrdinalNumberFormatter.m; sourceTree = "<group>"; };
		286987F31475CEEC00B40860 /* TTTTimeIntervalFormatter.h */ = {isa = PBXFileReference; fileEncoding = 4; lastKnownFileType = sourcecode.c.h; path = TTTTimeIntervalFormatter.h; sourceTree = "<group>"; };
		286987F41475CEEC00B40860 /* TTTTimeIntervalFormatter.m */ = {isa = PBXFileReference; fileEncoding = 4; lastKnownFileType = sourcecode.c.objc; path = TTTTimeIntervalFormatter.m; sourceTree = "<group>"; };
		286987F61475CEEC00B40860 /* TTTURLRequestFormatter.h */ = {isa = PBXFileReference; fileEncoding = 4; lastKnownFileType = sourcecode.c.h; path = TTTURLRequestFormatter.h; sourceTree = "<group>"; };
		286987F71475CEEC00B40860 /* TTTURLRequestFormatter.m */ = {isa = PBXFileReference; fileEncoding = 4; lastKnownFileType = sourcecode.c.objc; path = TTTURLRequestFormatter.m; sourceTree = "<group>"; };
		286987F91475CEEC00B40860 /* JSONKit.h */ = {isa = PBXFileReference; fileEncoding = 4; lastKnownFileType = sourcecode.c.h; path = JSONKit.h; sourceTree = "<group>"; };
		286987FA1475CEEC00B40860 /* JSONKit.m */ = {isa = PBXFileReference; fileEncoding = 4; lastKnownFileType = sourcecode.c.objc; path = JSONKit.m; sourceTree = "<group>"; };
		286987FC1475CEEC00B40860 /* EGORefreshTableHeaderView.h */ = {isa = PBXFileReference; fileEncoding = 4; lastKnownFileType = sourcecode.c.h; path = EGORefreshTableHeaderView.h; sourceTree = "<group>"; };
		286987FD1475CEEC00B40860 /* EGORefreshTableHeaderView.m */ = {isa = PBXFileReference; fileEncoding = 4; lastKnownFileType = sourcecode.c.objc; path = EGORefreshTableHeaderView.m; sourceTree = "<group>"; };
		286987FE1475CEEC00B40860 /* PullToRefresh.bundle */ = {isa = PBXFileReference; lastKnownFileType = "wrapper.plug-in"; path = PullToRefresh.bundle; sourceTree = "<group>"; };
		286988001475CEEC00B40860 /* Reachability.h */ = {isa = PBXFileReference; fileEncoding = 4; lastKnownFileType = sourcecode.c.h; path = Reachability.h; sourceTree = "<group>"; };
		286988011475CEEC00B40860 /* Reachability.m */ = {isa = PBXFileReference; fileEncoding = 4; lastKnownFileType = sourcecode.c.objc; path = Reachability.m; sourceTree = "<group>"; };
		286988031475CEEC00B40860 /* SVProgressHUD.bundle */ = {isa = PBXFileReference; lastKnownFileType = "wrapper.plug-in"; path = SVProgressHUD.bundle; sourceTree = "<group>"; };
		286988041475CEEC00B40860 /* SVProgressHUD.h */ = {isa = PBXFileReference; fileEncoding = 4; lastKnownFileType = sourcecode.c.h; path = SVProgressHUD.h; sourceTree = "<group>"; };
		286988051475CEEC00B40860 /* SVProgressHUD.m */ = {isa = PBXFileReference; fileEncoding = 4; lastKnownFileType = sourcecode.c.objc; path = SVProgressHUD.m; sourceTree = "<group>"; };
		286988071475CEEC00B40860 /* TTTAttributedLabel.h */ = {isa = PBXFileReference; fileEncoding = 4; lastKnownFileType = sourcecode.c.h; path = TTTAttributedLabel.h; sourceTree = "<group>"; };
		286988081475CEEC00B40860 /* TTTAttributedLabel.m */ = {isa = PBXFileReference; fileEncoding = 4; lastKnownFileType = sourcecode.c.objc; path = TTTAttributedLabel.m; sourceTree = "<group>"; };
		286988611475CF3500B40860 /* InitialDefaults.plist */ = {isa = PBXFileReference; fileEncoding = 4; lastKnownFileType = text.plist.xml; path = InitialDefaults.plist; sourceTree = "<group>"; };
		28B855D7147C7645004F84EA /* PSDrawerController.h */ = {isa = PBXFileReference; fileEncoding = 4; lastKnownFileType = sourcecode.c.h; path = PSDrawerController.h; sourceTree = "<group>"; };
		28B855D8147C7645004F84EA /* PSDrawerController.m */ = {isa = PBXFileReference; fileEncoding = 4; lastKnownFileType = sourcecode.c.objc; path = PSDrawerController.m; sourceTree = "<group>"; };
		28B855DB147CDCE6004F84EA /* ProfileViewController.h */ = {isa = PBXFileReference; fileEncoding = 4; lastKnownFileType = sourcecode.c.h; path = ProfileViewController.h; sourceTree = "<group>"; };
		28B855DC147CDCE6004F84EA /* ProfileViewController.m */ = {isa = PBXFileReference; fileEncoding = 4; lastKnownFileType = sourcecode.c.objc; path = ProfileViewController.m; sourceTree = "<group>"; };
		28B855DE147CDDE8004F84EA /* MenuViewController.h */ = {isa = PBXFileReference; fileEncoding = 4; lastKnownFileType = sourcecode.c.h; path = MenuViewController.h; sourceTree = "<group>"; };
		28B855DF147CDDE8004F84EA /* MenuViewController.m */ = {isa = PBXFileReference; fileEncoding = 4; lastKnownFileType = sourcecode.c.objc; path = MenuViewController.m; sourceTree = "<group>"; };
		28B855E7147CE137004F84EA /* IconMenu.png */ = {isa = PBXFileReference; lastKnownFileType = image.png; path = IconMenu.png; sourceTree = "<group>"; };
		28B855E8147CE137004F84EA /* IconMenu@2x.png */ = {isa = PBXFileReference; lastKnownFileType = image.png; path = "IconMenu@2x.png"; sourceTree = "<group>"; };
		28B855EB147CE1A3004F84EA /* LoginViewController.h */ = {isa = PBXFileReference; fileEncoding = 4; lastKnownFileType = sourcecode.c.h; path = LoginViewController.h; sourceTree = "<group>"; };
		28B855EC147CE1A3004F84EA /* LoginViewController.m */ = {isa = PBXFileReference; fileEncoding = 4; lastKnownFileType = sourcecode.c.objc; path = LoginViewController.m; sourceTree = "<group>"; };
		28B855F2147CE5AA004F84EA /* BackgroundNavigationBar.png */ = {isa = PBXFileReference; lastKnownFileType = image.png; path = BackgroundNavigationBar.png; sourceTree = "<group>"; };
		28B855F3147CE5AA004F84EA /* BackgroundNavigationBar@2x.png */ = {isa = PBXFileReference; lastKnownFileType = image.png; path = "BackgroundNavigationBar@2x.png"; sourceTree = "<group>"; };
		28B855F4147CE5AA004F84EA /* BackgroundNavigationBar~ipad.png */ = {isa = PBXFileReference; lastKnownFileType = image.png; path = "BackgroundNavigationBar~ipad.png"; sourceTree = "<group>"; };
/* End PBXFileReference section */

/* Begin PBXFrameworksBuildPhase section */
		283818BB14723F1D007E4827 /* Frameworks */ = {
			isa = PBXFrameworksBuildPhase;
			buildActionMask = 2147483647;
			files = (
				28381A9C1472F914007E4827 /* MessageUI.framework in Frameworks */,
				28381A9A1472F8EF007E4827 /* CoreLocation.framework in Frameworks */,
				28381A981472F8C8007E4827 /* CoreText.framework in Frameworks */,
				28381A961472F8B7007E4827 /* MobileCoreServices.framework in Frameworks */,
				28381A941472F899007E4827 /* SystemConfiguration.framework in Frameworks */,
				28381A921472F88B007E4827 /* libsqlite3.dylib in Frameworks */,
				28381A7F1472ED1C007E4827 /* QuartzCore.framework in Frameworks */,
				283818C314723F1D007E4827 /* UIKit.framework in Frameworks */,
				283818C514723F1D007E4827 /* Foundation.framework in Frameworks */,
				283818C714723F1D007E4827 /* CoreGraphics.framework in Frameworks */,
			);
			runOnlyForDeploymentPostprocessing = 0;
		};
/* End PBXFrameworksBuildPhase section */

/* Begin PBXGroup section */
		283818B314723F1C007E4827 = {
			isa = PBXGroup;
			children = (
				2869873D1475CECD00B40860 /* PSKit */,
				283818C814723F1D007E4827 /* Rolodex */,
				28698713147312EC00B40860 /* Resources */,
				284EA205147CF5A600C4F3CE /* Fixtures */,
				283818C114723F1D007E4827 /* Frameworks */,
				283818BF14723F1D007E4827 /* Products */,
			);
			sourceTree = "<group>";
		};
		283818BF14723F1D007E4827 /* Products */ = {
			isa = PBXGroup;
			children = (
				283818BE14723F1D007E4827 /* Rolodex.app */,
			);
			name = Products;
			sourceTree = "<group>";
		};
		283818C114723F1D007E4827 /* Frameworks */ = {
			isa = PBXGroup;
			children = (
				28381A911472F88A007E4827 /* libsqlite3.dylib */,
				28381A9B1472F914007E4827 /* MessageUI.framework */,
				28381A7E1472ED1C007E4827 /* QuartzCore.framework */,
				283818C214723F1D007E4827 /* UIKit.framework */,
				28381A931472F899007E4827 /* SystemConfiguration.framework */,
				283818C414723F1D007E4827 /* Foundation.framework */,
				28381A951472F8B7007E4827 /* MobileCoreServices.framework */,
				28381A991472F8EF007E4827 /* CoreLocation.framework */,
				28381A971472F8C8007E4827 /* CoreText.framework */,
				283818C614723F1D007E4827 /* CoreGraphics.framework */,
			);
			name = Frameworks;
			sourceTree = "<group>";
		};
		283818C814723F1D007E4827 /* Rolodex */ = {
			isa = PBXGroup;
			children = (
				28B855DA147CDCC4004F84EA /* Controllers */,
				283818D114723F1D007E4827 /* AppDelegate.h */,
				283818D214723F1D007E4827 /* AppDelegate.m */,
				283818C914723F1D007E4827 /* Supporting Files */,
			);
			path = Rolodex;
			sourceTree = "<group>";
		};
		283818C914723F1D007E4827 /* Supporting Files */ = {
			isa = PBXGroup;
			children = (
				286988611475CF3500B40860 /* InitialDefaults.plist */,
				283818CA14723F1D007E4827 /* Rolodex-Info.plist */,
				283818CB14723F1D007E4827 /* InfoPlist.strings */,
				283818CE14723F1D007E4827 /* main.m */,
				283818D014723F1D007E4827 /* Rolodex-Prefix.pch */,
				2869870814730F7200B40860 /* Constants.h */,
				28698730147387C200B40860 /* PSStyleSheet.plist */,
			);
			name = "Supporting Files";
			sourceTree = "<group>";
		};
		284EA205147CF5A600C4F3CE /* Fixtures */ = {
			isa = PBXGroup;
			children = (
				284EA206147CF5B600C4F3CE /* me.json */,
			);
			path = Fixtures;
			sourceTree = "<group>";
		};
		28698713147312EC00B40860 /* Resources */ = {
			isa = PBXGroup;
			children = (
				28B855E7147CE137004F84EA /* IconMenu.png */,
				28B855E8147CE137004F84EA /* IconMenu@2x.png */,
				28B855F2147CE5AA004F84EA /* BackgroundNavigationBar.png */,
				28B855F3147CE5AA004F84EA /* BackgroundNavigationBar@2x.png */,
				28B855F4147CE5AA004F84EA /* BackgroundNavigationBar~ipad.png */,
				28698732147394F500B40860 /* BackgroundDarkWood.jpg */,
				28698733147394F500B40860 /* BackgroundDarkWood@2x.jpg */,
				28698734147394F600B40860 /* BackgroundDarkWood~ipad.jpg */,
				2869871C1473139E00B40860 /* BackgroundBlueprint.jpg */,
				2869871D1473139E00B40860 /* BackgroundBlueprint@2x.jpg */,
				2869871E1473139E00B40860 /* BackgroundBlueprint~ipad.jpg */,
				2869871F1473139E00B40860 /* BackgroundLeather.jpg */,
				286987201473139E00B40860 /* BackgroundLeather@2x.jpg */,
				286987211473139E00B40860 /* BackgroundLeather~ipad.jpg */,
				286987221473139E00B40860 /* Default.jpg */,
				286987231473139E00B40860 /* Default@2x.jpg */,
				286987241473139E00B40860 /* Default~ipad.jpg */,
			);
			path = Resources;
			sourceTree = "<group>";
		};
		2869873D1475CECD00B40860 /* PSKit */ = {
			isa = PBXGroup;
			children = (
				28B855D6147C7638004F84EA /* PSDrawerController */,
				2869873E1475CEEC00B40860 /* Categories */,
				2869875D1475CEEC00B40860 /* Centers */,
				286987801475CEEC00B40860 /* Config */,
				286987831475CEEC00B40860 /* PSKit */,
				286987AC1475CEEC00B40860 /* PSKit.bundle */,
				286987AD1475CEEC00B40860 /* PSNavigationBar */,
				286987B21475CEEC00B40860 /* PSStyleSheet */,
				286987B61475CEEC00B40860 /* Vendor */,
			);
			name = PSKit;
			path = PSKit/src;
			sourceTree = "<group>";
		};
		2869873E1475CEEC00B40860 /* Categories */ = {
			isa = PBXGroup;
			children = (
				2869873F1475CEEC00B40860 /* NSArray+PSKit.h */,
				286987401475CEEC00B40860 /* NSArray+PSKit.m */,
				286987411475CEEC00B40860 /* NSData+PSKit.h */,
				286987421475CEEC00B40860 /* NSData+PSKit.m */,
				286987431475CEEC00B40860 /* NSDate+Helper.h */,
				286987441475CEEC00B40860 /* NSDate+Helper.m */,
				286987451475CEEC00B40860 /* NSDate+PSKit.h */,
				286987461475CEEC00B40860 /* NSDate+PSKit.m */,
				286987471475CEEC00B40860 /* NSObject+PSKit.h */,
				286987481475CEEC00B40860 /* NSObject+PSKit.m */,
				286987491475CEEC00B40860 /* NSString+PSKit.h */,
				2869874A1475CEEC00B40860 /* NSString+PSKit.m */,
				2869874B1475CEEC00B40860 /* NSURL+PSKit.h */,
				2869874C1475CEEC00B40860 /* NSURL+PSKit.m */,
				2869874D1475CEEC00B40860 /* UIBarButtonItem+PSKit.h */,
				2869874E1475CEEC00B40860 /* UIBarButtonItem+PSKit.m */,
				2869874F1475CEEC00B40860 /* UIButton+PSKit.h */,
				286987501475CEEC00B40860 /* UIButton+PSKit.m */,
				286987511475CEEC00B40860 /* UIColor+PSKit.h */,
				286987521475CEEC00B40860 /* UIColor+PSKit.m */,
				286987531475CEEC00B40860 /* UIDevice+Hardware.h */,
				286987541475CEEC00B40860 /* UIDevice+Hardware.m */,
				286987551475CEEC00B40860 /* UIImage+PSKit.h */,
				286987561475CEEC00B40860 /* UIImage+PSKit.m */,
				286987571475CEEC00B40860 /* UILabel+PSKit.h */,
				286987581475CEEC00B40860 /* UILabel+PSKit.m */,
				286987591475CEEC00B40860 /* UIScreen+PSKit.h */,
				2869875A1475CEEC00B40860 /* UIScreen+PSKit.m */,
				2869875B1475CEEC00B40860 /* UIView+PSKit.h */,
				2869875C1475CEEC00B40860 /* UIView+PSKit.m */,
			);
			path = Categories;
			sourceTree = "<group>";
		};
		2869875D1475CEEC00B40860 /* Centers */ = {
			isa = PBXGroup;
			children = (
				2869875E1475CEEC00B40860 /* PSDatabaseCenter */,
				286987611475CEEC00B40860 /* PSDataCenter */,
				286987651475CEEC00B40860 /* PSFacebookCenter */,
				286987681475CEEC00B40860 /* PSImageCache */,
				2869876C1475CEEC00B40860 /* PSLocationCenter */,
				2869876F1475CEEC00B40860 /* PSMailCenter */,
				286987721475CEEC00B40860 /* PSReachabilityCenter */,
				286987751475CEEC00B40860 /* PSSearchCenter */,
				286987781475CEEC00B40860 /* PSToastCenter */,
				2869877D1475CEEC00B40860 /* PSURLCache */,
			);
			path = Centers;
			sourceTree = "<group>";
		};
		2869875E1475CEEC00B40860 /* PSDatabaseCenter */ = {
			isa = PBXGroup;
			children = (
				2869875F1475CEEC00B40860 /* PSDatabaseCenter.h */,
				286987601475CEEC00B40860 /* PSDatabaseCenter.m */,
			);
			path = PSDatabaseCenter;
			sourceTree = "<group>";
		};
		286987611475CEEC00B40860 /* PSDataCenter */ = {
			isa = PBXGroup;
			children = (
				286987621475CEEC00B40860 /* PSDataCenter.h */,
				286987631475CEEC00B40860 /* PSDataCenter.m */,
				286987641475CEEC00B40860 /* PSDataCenterDelegate.h */,
			);
			path = PSDataCenter;
			sourceTree = "<group>";
		};
		286987651475CEEC00B40860 /* PSFacebookCenter */ = {
			isa = PBXGroup;
			children = (
				286987661475CEEC00B40860 /* PSFacebookCenter.h */,
				286987671475CEEC00B40860 /* PSFacebookCenter.m */,
			);
			path = PSFacebookCenter;
			sourceTree = "<group>";
		};
		286987681475CEEC00B40860 /* PSImageCache */ = {
			isa = PBXGroup;
			children = (
				286987691475CEEC00B40860 /* PSImageCache.h */,
				2869876A1475CEEC00B40860 /* PSImageCache.m */,
				2869876B1475CEEC00B40860 /* PSImageCacheDelegate.h */,
			);
			path = PSImageCache;
			sourceTree = "<group>";
		};
		2869876C1475CEEC00B40860 /* PSLocationCenter */ = {
			isa = PBXGroup;
			children = (
				2869876D1475CEEC00B40860 /* PSLocationCenter.h */,
				2869876E1475CEEC00B40860 /* PSLocationCenter.m */,
			);
			path = PSLocationCenter;
			sourceTree = "<group>";
		};
		2869876F1475CEEC00B40860 /* PSMailCenter */ = {
			isa = PBXGroup;
			children = (
				286987701475CEEC00B40860 /* PSMailCenter.h */,
				286987711475CEEC00B40860 /* PSMailCenter.m */,
			);
			path = PSMailCenter;
			sourceTree = "<group>";
		};
		286987721475CEEC00B40860 /* PSReachabilityCenter */ = {
			isa = PBXGroup;
			children = (
				286987731475CEEC00B40860 /* PSReachabilityCenter.h */,
				286987741475CEEC00B40860 /* PSReachabilityCenter.m */,
			);
			path = PSReachabilityCenter;
			sourceTree = "<group>";
		};
		286987751475CEEC00B40860 /* PSSearchCenter */ = {
			isa = PBXGroup;
			children = (
				286987761475CEEC00B40860 /* PSSearchCenter.h */,
				286987771475CEEC00B40860 /* PSSearchCenter.m */,
			);
			path = PSSearchCenter;
			sourceTree = "<group>";
		};
		286987781475CEEC00B40860 /* PSToastCenter */ = {
			isa = PBXGroup;
			children = (
				286987791475CEEC00B40860 /* bg_toast.png */,
				2869877A1475CEEC00B40860 /* bg_toast@2x.png */,
				2869877B1475CEEC00B40860 /* PSToastCenter.h */,
				2869877C1475CEEC00B40860 /* PSToastCenter.m */,
			);
			path = PSToastCenter;
			sourceTree = "<group>";
		};
		2869877D1475CEEC00B40860 /* PSURLCache */ = {
			isa = PBXGroup;
			children = (
				2869877E1475CEEC00B40860 /* PSURLCache.h */,
				2869877F1475CEEC00B40860 /* PSURLCache.m */,
			);
			path = PSURLCache;
			sourceTree = "<group>";
		};
		286987801475CEEC00B40860 /* Config */ = {
			isa = PBXGroup;
			children = (
				286987811475CEEC00B40860 /* PSCategories.h */,
				286987821475CEEC00B40860 /* PSConstants.h */,
			);
			path = Config;
			sourceTree = "<group>";
		};
		286987831475CEEC00B40860 /* PSKit */ = {
			isa = PBXGroup;
			children = (
				286987841475CEEC00B40860 /* PSBaseViewController.h */,
				286987851475CEEC00B40860 /* PSBaseViewController.m */,
				286987861475CEEC00B40860 /* PSCell.h */,
				286987871475CEEC00B40860 /* PSCell.m */,
				286987881475CEEC00B40860 /* PSImageArrayView.h */,
				286987891475CEEC00B40860 /* PSImageArrayView.m */,
				2869878A1475CEEC00B40860 /* PSImageCell.h */,
				2869878B1475CEEC00B40860 /* PSImageCell.m */,
				2869878C1475CEEC00B40860 /* PSImageView.h */,
				2869878D1475CEEC00B40860 /* PSImageView.m */,
				2869878E1475CEEC00B40860 /* PSImageViewDelegate.h */,
				2869878F1475CEEC00B40860 /* PSNullView.h */,
				286987901475CEEC00B40860 /* PSNullView.m */,
				286987911475CEEC00B40860 /* PSObject.h */,
				286987921475CEEC00B40860 /* PSObject.m */,
				286987931475CEEC00B40860 /* PSOverlayImageView.h */,
				286987941475CEEC00B40860 /* PSOverlayImageView.m */,
				286987951475CEEC00B40860 /* PSRandomSortDescriptor.h */,
				286987961475CEEC00B40860 /* PSRandomSortDescriptor.m */,
				286987971475CEEC00B40860 /* PSRollupView.h */,
				286987981475CEEC00B40860 /* PSRollupView.m */,
				286987991475CEEC00B40860 /* PSSearchField.h */,
				2869879A1475CEEC00B40860 /* PSSearchField.m */,
				2869879B1475CEEC00B40860 /* PSStarView.h */,
				2869879C1475CEEC00B40860 /* PSStarView.m */,
				2869879D1475CEEC00B40860 /* PSStateMachine.h */,
				2869879E1475CEEC00B40860 /* PSTableViewController.h */,
				2869879F1475CEEC00B40860 /* PSTableViewController.m */,
				286987A01475CEEC00B40860 /* PSTextField.h */,
				286987A11475CEEC00B40860 /* PSTextField.m */,
				286987A21475CEEC00B40860 /* PSTextView.h */,
				286987A31475CEEC00B40860 /* PSTextView.m */,
				286987A41475CEEC00B40860 /* PSTutorialView.h */,
				286987A51475CEEC00B40860 /* PSTutorialView.m */,
				286987A61475CEEC00B40860 /* PSURLCacheImageView.h */,
				286987A71475CEEC00B40860 /* PSURLCacheImageView.m */,
				286987A81475CEEC00B40860 /* PSView.h */,
				286987A91475CEEC00B40860 /* PSView.m */,
				286987AA1475CEEC00B40860 /* PSViewController.h */,
				286987AB1475CEEC00B40860 /* PSViewController.m */,
			);
			path = PSKit;
			sourceTree = "<group>";
		};
		286987AD1475CEEC00B40860 /* PSNavigationBar */ = {
			isa = PBXGroup;
			children = (
				286987AE1475CEEC00B40860 /* PSNavigationBar.bundle */,
				286987AF1475CEEC00B40860 /* PSNavigationBar.h */,
				286987B01475CEEC00B40860 /* PSNavigationBar.m */,
				286987B11475CEEC00B40860 /* PSNavigationController.xib */,
			);
			path = PSNavigationBar;
			sourceTree = "<group>";
		};
		286987B21475CEEC00B40860 /* PSStyleSheet */ = {
			isa = PBXGroup;
			children = (
				286987B31475CEEC00B40860 /* PSStyleSheet-Default.plist */,
				286987B41475CEEC00B40860 /* PSStyleSheet.h */,
				286987B51475CEEC00B40860 /* PSStyleSheet.m */,
			);
			path = PSStyleSheet;
			sourceTree = "<group>";
		};
		286987B61475CEEC00B40860 /* Vendor */ = {
			isa = PBXGroup;
			children = (
				286987B71475CEEC00B40860 /* AFNetworking */,
				286987CE1475CEEC00B40860 /* AFURLCache */,
				286987D11475CEEC00B40860 /* egodatabase */,
				286987DA1475CEEC00B40860 /* Facebook */,
				286987E51475CEEC00B40860 /* FormatterKit */,
				286987F81475CEEC00B40860 /* JSONKit */,
				286987FB1475CEEC00B40860 /* PullToRefresh */,
				286987FF1475CEEC00B40860 /* Reachability */,
				286988021475CEEC00B40860 /* SVProgressHUD */,
				286988061475CEEC00B40860 /* TTTAttributedLabel */,
			);
			path = Vendor;
			sourceTree = "<group>";
		};
		286987B71475CEEC00B40860 /* AFNetworking */ = {
			isa = PBXGroup;
			children = (
				286987B81475CEEC00B40860 /* AFHTTPClient.h */,
				286987B91475CEEC00B40860 /* AFHTTPClient.m */,
				286987BA1475CEEC00B40860 /* AFHTTPRequestOperation.h */,
				286987BB1475CEEC00B40860 /* AFHTTPRequestOperation.m */,
				286987BC1475CEEC00B40860 /* AFImageCache.h */,
				286987BD1475CEEC00B40860 /* AFImageCache.m */,
				286987BE1475CEEC00B40860 /* AFImageRequestOperation.h */,
				286987BF1475CEEC00B40860 /* AFImageRequestOperation.m */,
				286987C01475CEEC00B40860 /* AFJSONRequestOperation.h */,
				286987C11475CEEC00B40860 /* AFJSONRequestOperation.m */,
				286987C21475CEEC00B40860 /* AFJSONUtilities.h */,
				286987C31475CEEC00B40860 /* AFNetworkActivityIndicatorManager.h */,
				286987C41475CEEC00B40860 /* AFNetworkActivityIndicatorManager.m */,
				286987C51475CEEC00B40860 /* AFNetworking.h */,
				286987C61475CEEC00B40860 /* AFPropertyListRequestOperation.h */,
				286987C71475CEEC00B40860 /* AFPropertyListRequestOperation.m */,
				286987C81475CEEC00B40860 /* AFURLConnectionOperation.h */,
				286987C91475CEEC00B40860 /* AFURLConnectionOperation.m */,
				286987CA1475CEEC00B40860 /* AFXMLRequestOperation.h */,
				286987CB1475CEEC00B40860 /* AFXMLRequestOperation.m */,
				286987CC1475CEEC00B40860 /* UIImageView+AFNetworking.h */,
				286987CD1475CEEC00B40860 /* UIImageView+AFNetworking.m */,
			);
			path = AFNetworking;
			sourceTree = "<group>";
		};
		286987CE1475CEEC00B40860 /* AFURLCache */ = {
			isa = PBXGroup;
			children = (
				286987CF1475CEEC00B40860 /* AFURLCache.h */,
				286987D01475CEEC00B40860 /* AFURLCache.m */,
			);
			path = AFURLCache;
			sourceTree = "<group>";
		};
		286987D11475CEEC00B40860 /* egodatabase */ = {
			isa = PBXGroup;
			children = (
				286987D21475CEEC00B40860 /* EGODatabase.h */,
				286987D31475CEEC00B40860 /* EGODatabase.m */,
				286987D41475CEEC00B40860 /* EGODatabaseRequest.h */,
				286987D51475CEEC00B40860 /* EGODatabaseRequest.m */,
				286987D61475CEEC00B40860 /* EGODatabaseResult.h */,
				286987D71475CEEC00B40860 /* EGODatabaseResult.m */,
				286987D81475CEEC00B40860 /* EGODatabaseRow.h */,
				286987D91475CEEC00B40860 /* EGODatabaseRow.m */,
			);
			path = egodatabase;
			sourceTree = "<group>";
		};
		286987DA1475CEEC00B40860 /* Facebook */ = {
			isa = PBXGroup;
			children = (
				286987DB1475CEEC00B40860 /* Facebook.h */,
				286987DC1475CEEC00B40860 /* Facebook.m */,
				286987DD1475CEEC00B40860 /* FBConnect.h */,
				286987DE1475CEEC00B40860 /* FBDialog.bundle */,
				286987DF1475CEEC00B40860 /* FBDialog.h */,
				286987E01475CEEC00B40860 /* FBDialog.m */,
				286987E11475CEEC00B40860 /* FBLoginDialog.h */,
				286987E21475CEEC00B40860 /* FBLoginDialog.m */,
				286987E31475CEEC00B40860 /* FBRequest.h */,
				286987E41475CEEC00B40860 /* FBRequest.m */,
			);
			path = Facebook;
			sourceTree = "<group>";
		};
		286987E51475CEEC00B40860 /* FormatterKit */ = {
			isa = PBXGroup;
			children = (
				286987E61475CEEC00B40860 /* TTTArrayFormatter */,
				286987E91475CEEC00B40860 /* TTTHoursOfOperation */,
				286987EC1475CEEC00B40860 /* TTTLocationFormatter */,
				286987EF1475CEEC00B40860 /* TTTOrdinalNumberFormatter */,
				286987F21475CEEC00B40860 /* TTTTimeIntervalFormatter */,
				286987F51475CEEC00B40860 /* TTTURLRequestFormatter */,
			);
			path = FormatterKit;
			sourceTree = "<group>";
		};
		286987E61475CEEC00B40860 /* TTTArrayFormatter */ = {
			isa = PBXGroup;
			children = (
				286987E71475CEEC00B40860 /* TTTArrayFormatter.h */,
				286987E81475CEEC00B40860 /* TTTArrayFormatter.m */,
			);
			path = TTTArrayFormatter;
			sourceTree = "<group>";
		};
		286987E91475CEEC00B40860 /* TTTHoursOfOperation */ = {
			isa = PBXGroup;
			children = (
				286987EA1475CEEC00B40860 /* TTTHoursOfOperation.h */,
				286987EB1475CEEC00B40860 /* TTTHoursOfOperation.m */,
			);
			path = TTTHoursOfOperation;
			sourceTree = "<group>";
		};
		286987EC1475CEEC00B40860 /* TTTLocationFormatter */ = {
			isa = PBXGroup;
			children = (
				286987ED1475CEEC00B40860 /* TTTLocationFormatter.h */,
				286987EE1475CEEC00B40860 /* TTTLocationFormatter.m */,
			);
			path = TTTLocationFormatter;
			sourceTree = "<group>";
		};
		286987EF1475CEEC00B40860 /* TTTOrdinalNumberFormatter */ = {
			isa = PBXGroup;
			children = (
				286987F01475CEEC00B40860 /* TTTOrdinalNumberFormatter.h */,
				286987F11475CEEC00B40860 /* TTTOrdinalNumberFormatter.m */,
			);
			path = TTTOrdinalNumberFormatter;
			sourceTree = "<group>";
		};
		286987F21475CEEC00B40860 /* TTTTimeIntervalFormatter */ = {
			isa = PBXGroup;
			children = (
				286987F31475CEEC00B40860 /* TTTTimeIntervalFormatter.h */,
				286987F41475CEEC00B40860 /* TTTTimeIntervalFormatter.m */,
			);
			path = TTTTimeIntervalFormatter;
			sourceTree = "<group>";
		};
		286987F51475CEEC00B40860 /* TTTURLRequestFormatter */ = {
			isa = PBXGroup;
			children = (
				286987F61475CEEC00B40860 /* TTTURLRequestFormatter.h */,
				286987F71475CEEC00B40860 /* TTTURLRequestFormatter.m */,
			);
			path = TTTURLRequestFormatter;
			sourceTree = "<group>";
		};
		286987F81475CEEC00B40860 /* JSONKit */ = {
			isa = PBXGroup;
			children = (
				286987F91475CEEC00B40860 /* JSONKit.h */,
				286987FA1475CEEC00B40860 /* JSONKit.m */,
			);
			path = JSONKit;
			sourceTree = "<group>";
		};
		286987FB1475CEEC00B40860 /* PullToRefresh */ = {
			isa = PBXGroup;
			children = (
				286987FC1475CEEC00B40860 /* EGORefreshTableHeaderView.h */,
				286987FD1475CEEC00B40860 /* EGORefreshTableHeaderView.m */,
				286987FE1475CEEC00B40860 /* PullToRefresh.bundle */,
			);
			path = PullToRefresh;
			sourceTree = "<group>";
		};
		286987FF1475CEEC00B40860 /* Reachability */ = {
			isa = PBXGroup;
			children = (
				286988001475CEEC00B40860 /* Reachability.h */,
				286988011475CEEC00B40860 /* Reachability.m */,
			);
			path = Reachability;
			sourceTree = "<group>";
		};
		286988021475CEEC00B40860 /* SVProgressHUD */ = {
			isa = PBXGroup;
			children = (
				286988031475CEEC00B40860 /* SVProgressHUD.bundle */,
				286988041475CEEC00B40860 /* SVProgressHUD.h */,
				286988051475CEEC00B40860 /* SVProgressHUD.m */,
			);
			path = SVProgressHUD;
			sourceTree = "<group>";
		};
		286988061475CEEC00B40860 /* TTTAttributedLabel */ = {
			isa = PBXGroup;
			children = (
				286988071475CEEC00B40860 /* TTTAttributedLabel.h */,
				286988081475CEEC00B40860 /* TTTAttributedLabel.m */,
			);
			path = TTTAttributedLabel;
			sourceTree = "<group>";
		};
		28B855D6147C7638004F84EA /* PSDrawerController */ = {
			isa = PBXGroup;
			children = (
				28B855D7147C7645004F84EA /* PSDrawerController.h */,
				28B855D8147C7645004F84EA /* PSDrawerController.m */,
			);
			path = PSDrawerController;
			sourceTree = "<group>";
		};
		28B855DA147CDCC4004F84EA /* Controllers */ = {
			isa = PBXGroup;
			children = (
				28B855DB147CDCE6004F84EA /* ProfileViewController.h */,
				28B855DC147CDCE6004F84EA /* ProfileViewController.m */,
				28B855DE147CDDE8004F84EA /* MenuViewController.h */,
				28B855DF147CDDE8004F84EA /* MenuViewController.m */,
				28B855EB147CE1A3004F84EA /* LoginViewController.h */,
				28B855EC147CE1A3004F84EA /* LoginViewController.m */,
			);
			name = Controllers;
			sourceTree = "<group>";
		};
/* End PBXGroup section */

/* Begin PBXNativeTarget section */
		283818BD14723F1D007E4827 /* Rolodex */ = {
			isa = PBXNativeTarget;
			buildConfigurationList = 283818D614723F1D007E4827 /* Build configuration list for PBXNativeTarget "Rolodex" */;
			buildPhases = (
				283818BA14723F1D007E4827 /* Sources */,
				283818BB14723F1D007E4827 /* Frameworks */,
				283818BC14723F1D007E4827 /* Resources */,
			);
			buildRules = (
			);
			dependencies = (
			);
			name = Rolodex;
			productName = PSKitDemo;
			productReference = 283818BE14723F1D007E4827 /* Rolodex.app */;
			productType = "com.apple.product-type.application";
		};
/* End PBXNativeTarget section */

/* Begin PBXProject section */
		283818B514723F1C007E4827 /* Project object */ = {
			isa = PBXProject;
			attributes = {
				LastUpgradeCheck = 0420;
			};
			buildConfigurationList = 283818B814723F1C007E4827 /* Build configuration list for PBXProject "Rolodex" */;
			compatibilityVersion = "Xcode 3.2";
			developmentRegion = English;
			hasScannedForEncodings = 0;
			knownRegions = (
				en,
			);
			mainGroup = 283818B314723F1C007E4827;
			productRefGroup = 283818BF14723F1D007E4827 /* Products */;
			projectDirPath = "";
			projectRoot = "";
			targets = (
				283818BD14723F1D007E4827 /* Rolodex */,
			);
		};
/* End PBXProject section */

/* Begin PBXResourcesBuildPhase section */
		283818BC14723F1D007E4827 /* Resources */ = {
			isa = PBXResourcesBuildPhase;
			buildActionMask = 2147483647;
			files = (
				283818CD14723F1D007E4827 /* InfoPlist.strings in Resources */,
				286987251473139E00B40860 /* BackgroundBlueprint.jpg in Resources */,
				286987261473139E00B40860 /* BackgroundBlueprint@2x.jpg in Resources */,
				286987271473139E00B40860 /* BackgroundBlueprint~ipad.jpg in Resources */,
				286987281473139E00B40860 /* BackgroundLeather.jpg in Resources */,
				286987291473139E00B40860 /* BackgroundLeather@2x.jpg in Resources */,
				2869872A1473139E00B40860 /* BackgroundLeather~ipad.jpg in Resources */,
				2869872B1473139E00B40860 /* Default.jpg in Resources */,
				2869872C1473139E00B40860 /* Default@2x.jpg in Resources */,
				2869872D1473139E00B40860 /* Default~ipad.jpg in Resources */,
				28698731147387C200B40860 /* PSStyleSheet.plist in Resources */,
				28698735147394F600B40860 /* BackgroundDarkWood.jpg in Resources */,
				28698736147394F600B40860 /* BackgroundDarkWood@2x.jpg in Resources */,
				28698737147394F600B40860 /* BackgroundDarkWood~ipad.jpg in Resources */,
				286988201475CEEC00B40860 /* bg_toast.png in Resources */,
				286988211475CEEC00B40860 /* bg_toast@2x.png in Resources */,
				286988371475CEEC00B40860 /* PSKit.bundle in Resources */,
				286988381475CEEC00B40860 /* PSNavigationBar.bundle in Resources */,
				2869883A1475CEEC00B40860 /* PSNavigationController.xib in Resources */,
				2869883B1475CEEC00B40860 /* PSStyleSheet-Default.plist in Resources */,
				2869884D1475CEEC00B40860 /* FBDialog.bundle in Resources */,
				286988591475CEEC00B40860 /* PullToRefresh.bundle in Resources */,
				2869885B1475CEEC00B40860 /* SVProgressHUD.bundle in Resources */,
				286988621475CF3500B40860 /* InitialDefaults.plist in Resources */,
				28B855E9147CE137004F84EA /* IconMenu.png in Resources */,
				28B855EA147CE137004F84EA /* IconMenu@2x.png in Resources */,
				28B855F5147CE5AA004F84EA /* BackgroundNavigationBar.png in Resources */,
				28B855F6147CE5AA004F84EA /* BackgroundNavigationBar@2x.png in Resources */,
				28B855F7147CE5AA004F84EA /* BackgroundNavigationBar~ipad.png in Resources */,
				284EA207147CF5B600C4F3CE /* me.json in Resources */,
			);
			runOnlyForDeploymentPostprocessing = 0;
		};
/* End PBXResourcesBuildPhase section */

/* Begin PBXSourcesBuildPhase section */
		283818BA14723F1D007E4827 /* Sources */ = {
			isa = PBXSourcesBuildPhase;
			buildActionMask = 2147483647;
			files = (
				283818CF14723F1D007E4827 /* main.m in Sources */,
				283818D314723F1D007E4827 /* AppDelegate.m in Sources */,
				286988091475CEEC00B40860 /* NSArray+PSKit.m in Sources */,
				2869880A1475CEEC00B40860 /* NSData+PSKit.m in Sources */,
				2869880B1475CEEC00B40860 /* NSDate+Helper.m in Sources */,
				2869880C1475CEEC00B40860 /* NSDate+PSKit.m in Sources */,
				2869880D1475CEEC00B40860 /* NSObject+PSKit.m in Sources */,
				2869880E1475CEEC00B40860 /* NSString+PSKit.m in Sources */,
				2869880F1475CEEC00B40860 /* NSURL+PSKit.m in Sources */,
				286988101475CEEC00B40860 /* UIBarButtonItem+PSKit.m in Sources */,
				286988111475CEEC00B40860 /* UIButton+PSKit.m in Sources */,
				286988121475CEEC00B40860 /* UIColor+PSKit.m in Sources */,
				286988131475CEEC00B40860 /* UIDevice+Hardware.m in Sources */,
				286988141475CEEC00B40860 /* UIImage+PSKit.m in Sources */,
				286988151475CEEC00B40860 /* UILabel+PSKit.m in Sources */,
				286988161475CEEC00B40860 /* UIScreen+PSKit.m in Sources */,
				286988171475CEEC00B40860 /* UIView+PSKit.m in Sources */,
				286988181475CEEC00B40860 /* PSDatabaseCenter.m in Sources */,
				286988191475CEEC00B40860 /* PSDataCenter.m in Sources */,
				2869881A1475CEEC00B40860 /* PSFacebookCenter.m in Sources */,
				2869881B1475CEEC00B40860 /* PSImageCache.m in Sources */,
				2869881C1475CEEC00B40860 /* PSLocationCenter.m in Sources */,
				2869881D1475CEEC00B40860 /* PSMailCenter.m in Sources */,
				2869881E1475CEEC00B40860 /* PSReachabilityCenter.m in Sources */,
				2869881F1475CEEC00B40860 /* PSSearchCenter.m in Sources */,
				286988221475CEEC00B40860 /* PSToastCenter.m in Sources */,
				286988231475CEEC00B40860 /* PSURLCache.m in Sources */,
				286988241475CEEC00B40860 /* PSBaseViewController.m in Sources */,
				286988251475CEEC00B40860 /* PSCell.m in Sources */,
				286988261475CEEC00B40860 /* PSImageArrayView.m in Sources */,
				286988271475CEEC00B40860 /* PSImageCell.m in Sources */,
				286988281475CEEC00B40860 /* PSImageView.m in Sources */,
				286988291475CEEC00B40860 /* PSNullView.m in Sources */,
				2869882A1475CEEC00B40860 /* PSObject.m in Sources */,
				2869882B1475CEEC00B40860 /* PSOverlayImageView.m in Sources */,
				2869882C1475CEEC00B40860 /* PSRandomSortDescriptor.m in Sources */,
				2869882D1475CEEC00B40860 /* PSRollupView.m in Sources */,
				2869882E1475CEEC00B40860 /* PSSearchField.m in Sources */,
				2869882F1475CEEC00B40860 /* PSStarView.m in Sources */,
				286988301475CEEC00B40860 /* PSTableViewController.m in Sources */,
				286988311475CEEC00B40860 /* PSTextField.m in Sources */,
				286988321475CEEC00B40860 /* PSTextView.m in Sources */,
				286988331475CEEC00B40860 /* PSTutorialView.m in Sources */,
				286988341475CEEC00B40860 /* PSURLCacheImageView.m in Sources */,
				286988351475CEEC00B40860 /* PSView.m in Sources */,
				286988361475CEEC00B40860 /* PSViewController.m in Sources */,
				286988391475CEEC00B40860 /* PSNavigationBar.m in Sources */,
				2869883C1475CEEC00B40860 /* PSStyleSheet.m in Sources */,
				2869883D1475CEEC00B40860 /* AFHTTPClient.m in Sources */,
				2869883E1475CEEC00B40860 /* AFHTTPRequestOperation.m in Sources */,
				2869883F1475CEEC00B40860 /* AFImageCache.m in Sources */,
				286988401475CEEC00B40860 /* AFImageRequestOperation.m in Sources */,
				286988411475CEEC00B40860 /* AFJSONRequestOperation.m in Sources */,
				286988421475CEEC00B40860 /* AFNetworkActivityIndicatorManager.m in Sources */,
				286988431475CEEC00B40860 /* AFPropertyListRequestOperation.m in Sources */,
				286988441475CEEC00B40860 /* AFURLConnectionOperation.m in Sources */,
				286988451475CEEC00B40860 /* AFXMLRequestOperation.m in Sources */,
				286988461475CEEC00B40860 /* UIImageView+AFNetworking.m in Sources */,
				286988471475CEEC00B40860 /* AFURLCache.m in Sources */,
				286988481475CEEC00B40860 /* EGODatabase.m in Sources */,
				286988491475CEEC00B40860 /* EGODatabaseRequest.m in Sources */,
				2869884A1475CEEC00B40860 /* EGODatabaseResult.m in Sources */,
				2869884B1475CEEC00B40860 /* EGODatabaseRow.m in Sources */,
				2869884C1475CEEC00B40860 /* Facebook.m in Sources */,
				2869884E1475CEEC00B40860 /* FBDialog.m in Sources */,
				2869884F1475CEEC00B40860 /* FBLoginDialog.m in Sources */,
				286988501475CEEC00B40860 /* FBRequest.m in Sources */,
				286988511475CEEC00B40860 /* TTTArrayFormatter.m in Sources */,
				286988521475CEEC00B40860 /* TTTHoursOfOperation.m in Sources */,
				286988531475CEEC00B40860 /* TTTLocationFormatter.m in Sources */,
				286988541475CEEC00B40860 /* TTTOrdinalNumberFormatter.m in Sources */,
				286988551475CEEC00B40860 /* TTTTimeIntervalFormatter.m in Sources */,
				286988561475CEEC00B40860 /* TTTURLRequestFormatter.m in Sources */,
				286988571475CEEC00B40860 /* JSONKit.m in Sources */,
				286988581475CEEC00B40860 /* EGORefreshTableHeaderView.m in Sources */,
				2869885A1475CEEC00B40860 /* Reachability.m in Sources */,
				2869885C1475CEEC00B40860 /* SVProgressHUD.m in Sources */,
				2869885D1475CEEC00B40860 /* TTTAttributedLabel.m in Sources */,
				28B855D9147C7645004F84EA /* PSDrawerController.m in Sources */,
				28B855DD147CDCE6004F84EA /* ProfileViewController.m in Sources */,
				28B855E0147CDDE8004F84EA /* MenuViewController.m in Sources */,
				28B855ED147CE1A3004F84EA /* LoginViewController.m in Sources */,
			);
			runOnlyForDeploymentPostprocessing = 0;
		};
/* End PBXSourcesBuildPhase section */

/* Begin PBXVariantGroup section */
		283818CB14723F1D007E4827 /* InfoPlist.strings */ = {
			isa = PBXVariantGroup;
			children = (
				283818CC14723F1D007E4827 /* en */,
			);
			name = InfoPlist.strings;
			sourceTree = "<group>";
		};
/* End PBXVariantGroup section */

/* Begin XCBuildConfiguration section */
		283818D414723F1D007E4827 /* Debug */ = {
			isa = XCBuildConfiguration;
			buildSettings = {
				ALWAYS_SEARCH_USER_PATHS = NO;
				ARCHS = "$(ARCHS_STANDARD_32_BIT)";
				"CODE_SIGN_IDENTITY[sdk=iphoneos*]" = "iPhone Developer";
				COPY_PHASE_STRIP = NO;
				GCC_C_LANGUAGE_STANDARD = gnu99;
				GCC_DYNAMIC_NO_PIC = NO;
				GCC_OPTIMIZATION_LEVEL = 0;
				GCC_PREPROCESSOR_DEFINITIONS = (
					"DEBUG=1",
					"$(inherited)",
				);
				GCC_SYMBOLS_PRIVATE_EXTERN = NO;
				GCC_VERSION = com.apple.compilers.llvm.clang.1_0;
				GCC_WARN_ABOUT_MISSING_PROTOTYPES = YES;
				GCC_WARN_ABOUT_RETURN_TYPE = YES;
				GCC_WARN_UNUSED_VARIABLE = YES;
				IPHONEOS_DEPLOYMENT_TARGET = 4.3;
				SDKROOT = iphoneos;
			};
			name = Debug;
		};
		283818D514723F1D007E4827 /* Release */ = {
			isa = XCBuildConfiguration;
			buildSettings = {
				ALWAYS_SEARCH_USER_PATHS = NO;
				ARCHS = "$(ARCHS_STANDARD_32_BIT)";
				"CODE_SIGN_IDENTITY[sdk=iphoneos*]" = "iPhone Developer";
				COPY_PHASE_STRIP = YES;
				GCC_C_LANGUAGE_STANDARD = gnu99;
				GCC_VERSION = com.apple.compilers.llvm.clang.1_0;
				GCC_WARN_ABOUT_MISSING_PROTOTYPES = YES;
				GCC_WARN_ABOUT_RETURN_TYPE = YES;
				GCC_WARN_UNUSED_VARIABLE = YES;
				IPHONEOS_DEPLOYMENT_TARGET = 4.3;
				OTHER_CFLAGS = "-DNS_BLOCK_ASSERTIONS=1";
				SDKROOT = iphoneos;
				VALIDATE_PRODUCT = YES;
			};
			name = Release;
		};
		283818D714723F1D007E4827 /* Debug */ = {
			isa = XCBuildConfiguration;
			buildSettings = {
				GCC_PRECOMPILE_PREFIX_HEADER = YES;
				GCC_PREFIX_HEADER = "Rolodex/Rolodex-Prefix.pch";
				INFOPLIST_FILE = "Rolodex/Rolodex-Info.plist";
				IPHONEOS_DEPLOYMENT_TARGET = 4.3;
				PRODUCT_NAME = Rolodex;
				WRAPPER_EXTENSION = app;
			};
			name = Debug;
		};
		283818D814723F1D007E4827 /* Release */ = {
			isa = XCBuildConfiguration;
			buildSettings = {
				GCC_PRECOMPILE_PREFIX_HEADER = YES;
				GCC_PREFIX_HEADER = "Rolodex/Rolodex-Prefix.pch";
				INFOPLIST_FILE = "Rolodex/Rolodex-Info.plist";
				IPHONEOS_DEPLOYMENT_TARGET = 4.3;
				PRODUCT_NAME = Rolodex;
				WRAPPER_EXTENSION = app;
			};
			name = Release;
		};
/* End XCBuildConfiguration section */

/* Begin XCConfigurationList section */
		283818B814723F1C007E4827 /* Build configuration list for PBXProject "Rolodex" */ = {
			isa = XCConfigurationList;
			buildConfigurations = (
				283818D414723F1D007E4827 /* Debug */,
				283818D514723F1D007E4827 /* Release */,
			);
			defaultConfigurationIsVisible = 0;
			defaultConfigurationName = Release;
		};
		283818D614723F1D007E4827 /* Build configuration list for PBXNativeTarget "Rolodex" */ = {
			isa = XCConfigurationList;
			buildConfigurations = (
				283818D714723F1D007E4827 /* Debug */,
				283818D814723F1D007E4827 /* Release */,
			);
			defaultConfigurationIsVisible = 0;
			defaultConfigurationName = Release;
		};
/* End XCConfigurationList section */
	};
	rootObject = 283818B514723F1C007E4827 /* Project object */;
}
